{
  "version": 4,
  "terraform_version": "1.1.7",
  "serial": 51,
  "lineage": "a0766829-f056-db4f-6c7b-050c13c30e73",
  "outputs": {},
  "resources": [
    {
      "mode": "data",
      "type": "aws_iam_policy_document",
      "name": "ghost_app_assume_role_policy",
      "provider": "provider[\"registry.terraform.io/hashicorp/aws\"]",
      "instances": [
        {
          "schema_version": 0,
          "attributes": {
            "id": "3387873407",
            "json": "{\n  \"Version\": \"2012-10-17\",\n  \"Statement\": [\n    {\n      \"Sid\": \"\",\n      \"Effect\": \"Allow\",\n      \"Action\": \"sts:AssumeRole\",\n      \"Principal\": {\n        \"AWS\": \"*\"\n      }\n    }\n  ]\n}",
            "override_json": null,
            "override_policy_documents": null,
            "policy_id": null,
            "source_json": null,
            "source_policy_documents": null,
            "statement": [
              {
                "actions": [
                  "sts:AssumeRole"
                ],
                "condition": [],
                "effect": "Allow",
                "not_actions": [],
                "not_principals": [],
                "not_resources": [],
                "principals": [
                  {
                    "identifiers": [
                      "*"
                    ],
                    "type": "AWS"
                  }
                ],
                "resources": [],
                "sid": ""
              }
            ],
            "version": "2012-10-17"
          },
          "sensitive_attributes": []
        }
      ]
    },
    {
      "mode": "managed",
      "type": "aws_autoscaling_attachment",
      "name": "asg_attachment_ghost",
      "provider": "provider[\"registry.terraform.io/hashicorp/aws\"]",
      "instances": [
        {
          "schema_version": 0,
          "attributes": {
            "alb_target_group_arn": null,
            "autoscaling_group_name": "terraform-20220307064957742900000003",
            "elb": null,
            "id": "terraform-20220307064957742900000003-20220307065114480700000005",
            "lb_target_group_arn": "arn:aws:elasticloadbalancing:us-east-1:164033467123:targetgroup/ghost-ec2/e8af7fcca6124e3f"
          },
          "sensitive_attributes": [],
          "private": "bnVsbA==",
          "dependencies": [
            "aws_autoscaling_group.asg_ghost",
            "aws_launch_template.ghost_template",
            "aws_lb_target_group.ghost-ec2",
            "aws_security_group.ec2_pool",
            "aws_subnet.private_a",
            "aws_subnet.private_b",
            "aws_subnet.private_c",
            "aws_vpc.cloudx"
          ]
        }
      ]
    },
    {
      "mode": "managed",
      "type": "aws_autoscaling_group",
      "name": "asg_ghost",
      "provider": "provider[\"registry.terraform.io/hashicorp/aws\"]",
      "instances": [
        {
          "schema_version": 0,
          "attributes": {
            "arn": "arn:aws:autoscaling:us-east-1:164033467123:autoScalingGroup:6ab29173-d02d-4018-b6b0-16260c764f01:autoScalingGroupName/terraform-20220307064957742900000003",
            "availability_zones": [
              "us-east-1a",
              "us-east-1b",
              "us-east-1c"
            ],
            "capacity_rebalance": false,
            "default_cooldown": 300,
            "desired_capacity": 3,
            "enabled_metrics": null,
            "force_delete": false,
            "force_delete_warm_pool": false,
            "health_check_grace_period": 300,
            "health_check_type": "EC2",
            "id": "terraform-20220307064957742900000003",
            "initial_lifecycle_hook": [],
            "instance_refresh": [],
            "launch_configuration": "",
            "launch_template": [
              {
                "id": "lt-0977605c66ee4c17e",
                "name": "ghost",
                "version": "$Latest"
              }
            ],
            "load_balancers": null,
            "max_instance_lifetime": 0,
            "max_size": 3,
            "metrics_granularity": "1Minute",
            "min_elb_capacity": null,
            "min_size": 1,
            "mixed_instances_policy": [],
            "name": "terraform-20220307064957742900000003",
            "name_prefix": "terraform-",
            "placement_group": "",
            "protect_from_scale_in": false,
            "service_linked_role_arn": "arn:aws:iam::164033467123:role/aws-service-role/autoscaling.amazonaws.com/AWSServiceRoleForAutoScaling",
            "suspended_processes": null,
            "tag": [],
            "tags": null,
            "target_group_arns": null,
            "termination_policies": null,
            "timeouts": null,
            "vpc_zone_identifier": [
              "subnet-01034a405405663d6",
              "subnet-0897f65da96f9b705",
              "subnet-0e77428f1da5c5fa0"
            ],
            "wait_for_capacity_timeout": "10m",
            "wait_for_elb_capacity": null,
            "warm_pool": []
          },
          "sensitive_attributes": [],
          "private": "eyJlMmJmYjczMC1lY2FhLTExZTYtOGY4OC0zNDM2M2JjN2M0YzAiOnsiZGVsZXRlIjo2MDAwMDAwMDAwMDB9fQ==",
          "dependencies": [
            "aws_launch_template.ghost_template",
            "aws_security_group.ec2_pool",
            "aws_subnet.private_a",
            "aws_subnet.private_b",
            "aws_subnet.private_c",
            "aws_vpc.cloudx"
          ]
        }
      ]
    },
    {
      "mode": "managed",
      "type": "aws_cloudwatch_dashboard",
      "name": "ghost",
      "provider": "provider[\"registry.terraform.io/hashicorp/aws\"]",
      "instances": [
        {
          "schema_version": 0,
          "attributes": {
            "dashboard_arn": "arn:aws:cloudwatch::164033467123:dashboard/ghost-app-dashboard",
            "dashboard_body": "  \n{\n  \"widgets\": [\n    {\n      \"type\": \"metric\",\n      \"x\": 0,\n      \"y\": 0,\n      \"width\": 7,\n      \"height\": 6,\n      \"properties\": {\n        \"metrics\": [\n          [\n            \"AWS/EC2\",\n            \"CPUUtilization\",\n            \"InstanceId\",\n            \"i-0808d34ab1e963d7a\"\n          ]\n        ],\n        \"period\": 300,\n        \"stat\": \"Average\",\n        \"region\": \"us-east-1\",\n        \"title\": \"EC2 Instance CPU\"\n      }\n    },\n    {\n      \"type\": \"metric\",\n      \"x\": 7,\n      \"y\": 0,\n      \"width\": 7,\n      \"height\": 6,\n      \"properties\": {\n        \"metrics\": [\n          [\n            \"AWS/ECS\",\n            \"CPUUtilization\",\n            \"InstanceId\",\n            \"i-012345\"\n          ]\n        ],\n        \"period\": 300,\n        \"stat\": \"Average\",\n        \"region\": \"us-east-1\",\n        \"title\": \"ECS CPU\"\n      }\n    },\n    {\n      \"type\": \"metric\",\n      \"x\": 14,\n      \"y\": 0,\n      \"width\": 7,\n      \"height\": 6,\n      \"properties\": {\n        \"metrics\": [\n          [\n            \"AWS/ECS\",\n            \"RunningCount\",\n            \"InstanceId\",\n            \"i-012345\"\n          ]\n        ],\n        \"period\": 300,\n        \"stat\": \"Average\",\n        \"region\": \"us-east-1\",\n        \"title\": \"ECS Running tasks count\"\n      }\n    },\n    {\n      \"type\": \"metric\",\n      \"x\": 0,\n      \"y\": 0,\n      \"width\": 7,\n      \"height\": 6,\n      \"properties\": {\n        \"metrics\": [\n          [\n            \"AWS/EFS\",\n            \"StorageBytes\",\n            \"InstanceId\",\n            \"i-012345\"\n          ]\n        ],\n        \"period\": 300,\n        \"stat\": \"Average\",\n        \"region\": \"us-east-1\",\n        \"title\": \"EFS StorageBytes in Mb\"\n      }\n    },\n    {\n      \"type\": \"metric\",\n      \"x\": 7,\n      \"y\": 0,\n      \"width\": 7,\n      \"height\": 6,\n      \"properties\": {\n        \"metrics\": [\n          [\n            \"AWS/EFS\",\n            \"ClientConnections\",\n            \"InstanceId\",\n            \"i-012345\"\n          ]\n        ],\n        \"period\": 300,\n        \"stat\": \"Average\",\n        \"region\": \"us-east-1\",\n        \"title\": \"EFS ClientConnections\"\n      }\n    },\n     {\n      \"type\": \"metric\",\n      \"x\": 14,\n      \"y\": 0,\n      \"width\": 7,\n      \"height\": 6,\n      \"properties\": {\n        \"metrics\": [\n          [\n            \"AWS/RDS\",\n            \"DatabaseConnections\",\n            \"InstanceId\",\n            \"i-012345\"\n          ]\n        ],\n        \"period\": 300,\n        \"stat\": \"Average\",\n        \"region\": \"us-east-1\",\n        \"title\": \"RDS DB connections\"\n      }\n    },\n     {\n      \"type\": \"metric\",\n      \"x\": 0,\n      \"y\": 0,\n      \"width\": 7,\n      \"height\": 6,\n      \"properties\": {\n        \"metrics\": [\n          [\n            \"AWS/RDS\",\n            \"CPUUtilization\",\n            \"InstanceId\",\n            \"i-012345\"\n          ]\n        ],\n        \"period\": 300,\n        \"stat\": \"Average\",\n        \"region\": \"us-east-1\",\n        \"title\": \"CPU utilization\"\n      }\n    },\n      {\n      \"type\": \"metric\",\n      \"x\": 7,\n      \"y\": 0,\n      \"width\": 7,\n      \"height\": 6,\n      \"properties\": {\n        \"metrics\": [\n          [\n            \"AWS/RDS\",\n            \"ReadIOPS\",\n            \"InstanceId\",\n            \"i-012345\"\n          ]\n        ],\n        \"period\": 300,\n        \"stat\": \"Average\",\n        \"region\": \"us-east-1\",\n        \"title\": \"RDS storage read IOPS\"\n      }\n    },\n      {\n      \"type\": \"metric\",\n      \"x\": 14,\n      \"y\": 0,\n      \"width\": 7,\n      \"height\": 6,\n      \"properties\": {\n        \"metrics\": [\n          [\n            \"AWS/RDS\",\n            \"WriteIOPS\",\n            \"InstanceId\",\n            \"i-012345\"\n          ]\n        ],\n        \"period\": 300,\n        \"stat\": \"Average\",\n        \"region\": \"us-east-1\",\n        \"title\": \"RDS storage write IOPS\"\n      }\n    }\n  ]\n}\n",
            "dashboard_name": "ghost-app-dashboard",
            "id": "ghost-app-dashboard"
          },
          "sensitive_attributes": [],
          "private": "bnVsbA=="
        }
      ]
    },
    {
      "mode": "managed",
      "type": "aws_db_instance",
      "name": "ghost",
      "provider": "provider[\"registry.terraform.io/hashicorp/aws\"]",
      "instances": [
        {
          "schema_version": 1,
          "attributes": {
            "address": "terraform-20220307065000597700000004.c8ip1pxcmp11.us-east-1.rds.amazonaws.com",
            "allocated_storage": 20,
            "allow_major_version_upgrade": null,
            "apply_immediately": null,
            "arn": "arn:aws:rds:us-east-1:164033467123:db:terraform-20220307065000597700000004",
            "auto_minor_version_upgrade": true,
            "availability_zone": "us-east-1a",
            "backup_retention_period": 0,
            "backup_window": "05:53-06:23",
            "ca_cert_identifier": "rds-ca-2019",
            "character_set_name": "",
            "copy_tags_to_snapshot": false,
            "customer_owned_ip_enabled": false,
            "db_name": "ghost",
            "db_subnet_group_name": "ghost",
            "delete_automated_backups": true,
            "deletion_protection": false,
            "domain": "",
            "domain_iam_role_name": "",
            "enabled_cloudwatch_logs_exports": null,
            "endpoint": "terraform-20220307065000597700000004.c8ip1pxcmp11.us-east-1.rds.amazonaws.com:3306",
            "engine": "mysql",
            "engine_version": "8.0",
            "engine_version_actual": "8.0.27",
            "final_snapshot_identifier": null,
            "hosted_zone_id": "Z2R2ITUGPM61AM",
            "iam_database_authentication_enabled": false,
            "id": "terraform-20220307065000597700000004",
            "identifier": "terraform-20220307065000597700000004",
            "identifier_prefix": "terraform-",
            "instance_class": "db.t2.micro",
            "iops": 0,
            "kms_key_id": "",
            "latest_restorable_time": "0001-01-01T00:00:00Z",
            "license_model": "general-public-license",
            "maintenance_window": "mon:10:20-mon:10:50",
            "max_allocated_storage": 0,
            "monitoring_interval": 0,
            "monitoring_role_arn": "",
            "multi_az": false,
            "name": "ghost",
            "nchar_character_set_name": "",
            "option_group_name": "default:mysql-8-0",
            "parameter_group_name": "default.mysql8.0",
            "password": "Test_pass7898747",
            "performance_insights_enabled": false,
            "performance_insights_kms_key_id": "",
            "performance_insights_retention_period": 0,
            "port": 3306,
            "publicly_accessible": false,
            "replica_mode": "",
            "replicas": [],
            "replicate_source_db": "",
            "resource_id": "db-N2AUBBIWPFTSIKXZ7LK537KLEY",
            "restore_to_point_in_time": [],
            "s3_import": [],
            "security_group_names": null,
            "skip_final_snapshot": true,
            "snapshot_identifier": null,
            "status": "available",
            "storage_encrypted": false,
            "storage_type": "gp2",
            "tags": null,
            "tags_all": {},
            "timeouts": null,
            "timezone": "",
            "username": "dbuser1",
            "vpc_security_group_ids": [
              "sg-0e33b74b48edf4c3c"
            ]
          },
          "sensitive_attributes": [
            [
              {
                "type": "get_attr",
                "value": "password"
              }
            ],
            [
              {
                "type": "get_attr",
                "value": "username"
              }
            ]
          ],
          "private": "eyJlMmJmYjczMC1lY2FhLTExZTYtOGY4OC0zNDM2M2JjN2M0YzAiOnsiY3JlYXRlIjoyNDAwMDAwMDAwMDAwLCJkZWxldGUiOjM2MDAwMDAwMDAwMDAsInVwZGF0ZSI6NDgwMDAwMDAwMDAwMH0sInNjaGVtYV92ZXJzaW9uIjoiMSJ9",
          "dependencies": [
            "aws_db_subnet_group.ghost",
            "aws_security_group.ec2_pool",
            "aws_security_group.fargate_pool",
            "aws_security_group.mysql",
            "aws_subnet.private_db_a",
            "aws_subnet.private_db_b",
            "aws_subnet.private_db_c",
            "aws_vpc.cloudx"
          ]
        }
      ]
    },
    {
      "mode": "managed",
      "type": "aws_db_subnet_group",
      "name": "ghost",
      "provider": "provider[\"registry.terraform.io/hashicorp/aws\"]",
      "instances": [
        {
          "schema_version": 0,
          "attributes": {
            "arn": "arn:aws:rds:us-east-1:164033467123:subgrp:ghost",
            "description": "ghost database subnet group",
            "id": "ghost",
            "name": "ghost",
            "name_prefix": null,
            "subnet_ids": [
              "subnet-018f235f66f93361a",
              "subnet-02fb4455ac4af0f54",
              "subnet-0bab0bf03c36c742a"
            ],
            "tags": {
              "Name": "ghost database subnet group"
            },
            "tags_all": {
              "Name": "ghost database subnet group"
            }
          },
          "sensitive_attributes": [],
          "private": "bnVsbA==",
          "dependencies": [
            "aws_subnet.private_db_a",
            "aws_subnet.private_db_b",
            "aws_subnet.private_db_c",
            "aws_vpc.cloudx"
          ]
        }
      ]
    },
    {
      "mode": "managed",
      "type": "aws_ecr_repository",
      "name": "ghost_ecr_repository",
      "provider": "provider[\"registry.terraform.io/hashicorp/aws\"]",
      "instances": [
        {
          "schema_version": 0,
          "attributes": {
            "arn": "arn:aws:ecr:us-east-1:164033467123:repository/ghost_ecr_repository",
            "encryption_configuration": [
              {
                "encryption_type": "AES256",
                "kms_key": ""
              }
            ],
            "id": "ghost_ecr_repository",
            "image_scanning_configuration": [
              {
                "scan_on_push": false
              }
            ],
            "image_tag_mutability": "MUTABLE",
            "name": "ghost_ecr_repository",
            "registry_id": "164033467123",
            "repository_url": "164033467123.dkr.ecr.us-east-1.amazonaws.com/ghost_ecr_repository",
            "tags": null,
            "tags_all": {},
            "timeouts": null
          },
          "sensitive_attributes": [],
          "private": "eyJlMmJmYjczMC1lY2FhLTExZTYtOGY4OC0zNDM2M2JjN2M0YzAiOnsiZGVsZXRlIjoxMjAwMDAwMDAwMDAwfX0="
        }
      ]
    },
    {
      "mode": "managed",
      "type": "aws_ecs_cluster",
      "name": "ghost_cluster",
      "provider": "provider[\"registry.terraform.io/hashicorp/aws\"]",
      "instances": [
        {
          "schema_version": 0,
          "attributes": {
            "arn": "arn:aws:ecs:us-east-1:164033467123:cluster/ghost",
            "capacity_providers": [],
            "configuration": [],
            "default_capacity_provider_strategy": [],
            "id": "arn:aws:ecs:us-east-1:164033467123:cluster/ghost",
            "name": "ghost",
            "setting": [
              {
                "name": "containerInsights",
                "value": "disabled"
              }
            ],
            "tags": null,
            "tags_all": {}
          },
          "sensitive_attributes": [],
          "private": "bnVsbA=="
        }
      ]
    },
    {
      "mode": "managed",
      "type": "aws_ecs_service",
      "name": "attached",
      "provider": "provider[\"registry.terraform.io/hashicorp/aws\"]",
      "instances": [
        {
          "schema_version": 0,
          "attributes": {
            "capacity_provider_strategy": [],
            "cluster": "arn:aws:ecs:us-east-1:164033467123:cluster/ghost",
            "deployment_circuit_breaker": [
              {
                "enable": false,
                "rollback": false
              }
            ],
            "deployment_controller": [
              {
                "type": "ECS"
              }
            ],
            "deployment_maximum_percent": 200,
            "deployment_minimum_healthy_percent": 100,
            "desired_count": 3,
            "enable_ecs_managed_tags": false,
            "enable_execute_command": false,
            "force_new_deployment": null,
            "health_check_grace_period_seconds": 0,
            "iam_role": "aws-service-role",
            "id": "arn:aws:ecs:us-east-1:164033467123:service/ghost/attached",
            "launch_type": "FARGATE",
            "load_balancer": [
              {
                "container_name": "ghost_ecr_repository",
                "container_port": 2368,
                "elb_name": "",
                "target_group_arn": "arn:aws:elasticloadbalancing:us-east-1:164033467123:targetgroup/ghost-fargate/c00c9413f586ffee"
              }
            ],
            "name": "attached",
            "network_configuration": [
              {
                "assign_public_ip": false,
                "security_groups": [
                  "sg-02b884e72e28c99fb"
                ],
                "subnets": [
                  "subnet-01034a405405663d6",
                  "subnet-0897f65da96f9b705",
                  "subnet-0e77428f1da5c5fa0"
                ]
              }
            ],
            "ordered_placement_strategy": [],
            "placement_constraints": [],
            "platform_version": "LATEST",
            "propagate_tags": "NONE",
            "scheduling_strategy": "REPLICA",
            "service_registries": [],
            "tags": null,
            "tags_all": {},
            "task_definition": "arn:aws:ecs:us-east-1:164033467123:task-definition/ghost:1",
            "timeouts": null,
            "wait_for_steady_state": false
          },
          "sensitive_attributes": [],
          "private": "eyJlMmJmYjczMC1lY2FhLTExZTYtOGY4OC0zNDM2M2JjN2M0YzAiOnsiZGVsZXRlIjoxMjAwMDAwMDAwMDAwfX0=",
          "dependencies": [
            "aws_ecs_cluster.ghost_cluster",
            "aws_ecs_task_definition.ghost",
            "aws_efs_file_system.foo_with_lifecyle_policy",
            "aws_iam_policy.ghost_policy",
            "aws_iam_role.ghost_role",
            "aws_lb_target_group.ghost-fargate",
            "aws_security_group.fargate_pool",
            "aws_subnet.private_a",
            "aws_subnet.private_b",
            "aws_subnet.private_c",
            "aws_vpc.cloudx",
            "data.aws_iam_policy_document.ghost_app_assume_role_policy"
          ]
        }
      ]
    },
    {
      "mode": "managed",
      "type": "aws_ecs_task_definition",
      "name": "ghost",
      "provider": "provider[\"registry.terraform.io/hashicorp/aws\"]",
      "instances": [
        {
          "schema_version": 1,
          "attributes": {
            "arn": "arn:aws:ecs:us-east-1:164033467123:task-definition/ghost:1",
            "container_definitions": "[{\"cpu\":256,\"environment\":[],\"essential\":true,\"image\":\"041007482309.dkr.ecr.us-east-1.amazonaws.com/ghost_ecr_repository:latest\",\"memory\":1024,\"mountPoints\":[],\"name\":\"ghost_ecr_repository\",\"portMappings\":[{\"containerPort\":2368,\"hostPort\":2368,\"protocol\":\"tcp\"}],\"volumesFrom\":[]}]",
            "cpu": "256",
            "ephemeral_storage": [],
            "execution_role_arn": "arn:aws:iam::164033467123:role/ghost_app",
            "family": "ghost",
            "id": "ghost",
            "inference_accelerator": [],
            "ipc_mode": "",
            "memory": "1024",
            "network_mode": "awsvpc",
            "pid_mode": "",
            "placement_constraints": [],
            "proxy_configuration": [],
            "requires_compatibilities": [
              "FARGATE"
            ],
            "revision": 1,
            "runtime_platform": [],
            "skip_destroy": false,
            "tags": null,
            "tags_all": {},
            "task_role_arn": "",
            "volume": [
              {
                "docker_volume_configuration": [],
                "efs_volume_configuration": [
                  {
                    "authorization_config": [],
                    "file_system_id": "fs-0bfb683c69ea774bf",
                    "root_directory": "/var/lib/ghost/content",
                    "transit_encryption": "ENABLED",
                    "transit_encryption_port": null
                  }
                ],
                "fsx_windows_file_server_volume_configuration": [],
                "host_path": "",
                "name": "ghost_storage"
              }
            ]
          },
          "sensitive_attributes": [],
          "private": "eyJzY2hlbWFfdmVyc2lvbiI6IjEifQ==",
          "dependencies": [
            "aws_efs_file_system.foo_with_lifecyle_policy",
            "aws_iam_policy.ghost_policy",
            "aws_iam_role.ghost_role",
            "data.aws_iam_policy_document.ghost_app_assume_role_policy"
          ]
        }
      ]
    },
    {
      "mode": "managed",
      "type": "aws_efs_file_system",
      "name": "foo_with_lifecyle_policy",
      "provider": "provider[\"registry.terraform.io/hashicorp/aws\"]",
      "instances": [
        {
          "schema_version": 0,
          "attributes": {
            "arn": "arn:aws:elasticfilesystem:us-east-1:164033467123:file-system/fs-0bfb683c69ea774bf",
            "availability_zone_id": "",
            "availability_zone_name": "",
            "creation_token": "ghost_content",
            "dns_name": "fs-0bfb683c69ea774bf.efs.us-east-1.amazonaws.com",
            "encrypted": false,
            "id": "fs-0bfb683c69ea774bf",
            "kms_key_id": "",
            "lifecycle_policy": [],
            "number_of_mount_targets": 0,
            "owner_id": "164033467123",
            "performance_mode": "generalPurpose",
            "provisioned_throughput_in_mibps": 0,
            "size_in_bytes": [
              {
                "value": 6144,
                "value_in_ia": 0,
                "value_in_standard": 6144
              }
            ],
            "tags": {
              "Name": "ghost_content"
            },
            "tags_all": {
              "Name": "ghost_content"
            },
            "throughput_mode": "bursting"
          },
          "sensitive_attributes": [],
          "private": "bnVsbA=="
        }
      ]
    },
    {
      "mode": "managed",
      "type": "aws_efs_mount_target",
      "name": "ghost_content_a",
      "provider": "provider[\"registry.terraform.io/hashicorp/aws\"]",
      "instances": [
        {
          "schema_version": 0,
          "attributes": {
            "availability_zone_id": "use1-az4",
            "availability_zone_name": "us-east-1a",
            "dns_name": "fs-0bfb683c69ea774bf.efs.us-east-1.amazonaws.com",
            "file_system_arn": "arn:aws:elasticfilesystem:us-east-1:164033467123:file-system/fs-0bfb683c69ea774bf",
            "file_system_id": "fs-0bfb683c69ea774bf",
            "id": "fsmt-04982ca0aae52171a",
            "ip_address": "10.10.10.97",
            "mount_target_dns_name": "us-east-1a.fs-0bfb683c69ea774bf.efs.us-east-1.amazonaws.com",
            "network_interface_id": "eni-0ffb408d36314eb76",
            "owner_id": "164033467123",
            "security_groups": [
              "sg-051602b94eaa6a200"
            ],
            "subnet_id": "subnet-0e77428f1da5c5fa0"
          },
          "sensitive_attributes": [],
          "private": "bnVsbA==",
          "dependencies": [
            "aws_efs_file_system.foo_with_lifecyle_policy",
            "aws_security_group.ec2_pool",
            "aws_security_group.efs",
            "aws_security_group.fargate_pool",
            "aws_subnet.private_a",
            "aws_vpc.cloudx"
          ]
        }
      ]
    },
    {
      "mode": "managed",
      "type": "aws_efs_mount_target",
      "name": "ghost_content_b",
      "provider": "provider[\"registry.terraform.io/hashicorp/aws\"]",
      "instances": [
        {
          "schema_version": 0,
          "attributes": {
            "availability_zone_id": "use1-az6",
            "availability_zone_name": "us-east-1b",
            "dns_name": "fs-0bfb683c69ea774bf.efs.us-east-1.amazonaws.com",
            "file_system_arn": "arn:aws:elasticfilesystem:us-east-1:164033467123:file-system/fs-0bfb683c69ea774bf",
            "file_system_id": "fs-0bfb683c69ea774bf",
            "id": "fsmt-02aa81537264595bc",
            "ip_address": "10.10.11.28",
            "mount_target_dns_name": "us-east-1b.fs-0bfb683c69ea774bf.efs.us-east-1.amazonaws.com",
            "network_interface_id": "eni-0a7c268186d273a77",
            "owner_id": "164033467123",
            "security_groups": [
              "sg-051602b94eaa6a200"
            ],
            "subnet_id": "subnet-0897f65da96f9b705"
          },
          "sensitive_attributes": [],
          "private": "bnVsbA==",
          "dependencies": [
            "aws_efs_file_system.foo_with_lifecyle_policy",
            "aws_security_group.ec2_pool",
            "aws_security_group.efs",
            "aws_security_group.fargate_pool",
            "aws_subnet.private_b",
            "aws_vpc.cloudx"
          ]
        }
      ]
    },
    {
      "mode": "managed",
      "type": "aws_efs_mount_target",
      "name": "ghost_content_c",
      "provider": "provider[\"registry.terraform.io/hashicorp/aws\"]",
      "instances": [
        {
          "schema_version": 0,
          "attributes": {
            "availability_zone_id": "use1-az1",
            "availability_zone_name": "us-east-1c",
            "dns_name": "fs-0bfb683c69ea774bf.efs.us-east-1.amazonaws.com",
            "file_system_arn": "arn:aws:elasticfilesystem:us-east-1:164033467123:file-system/fs-0bfb683c69ea774bf",
            "file_system_id": "fs-0bfb683c69ea774bf",
            "id": "fsmt-0ed02f370082221ae",
            "ip_address": "10.10.12.135",
            "mount_target_dns_name": "us-east-1c.fs-0bfb683c69ea774bf.efs.us-east-1.amazonaws.com",
            "network_interface_id": "eni-0547bed735efa6022",
            "owner_id": "164033467123",
            "security_groups": [
              "sg-051602b94eaa6a200"
            ],
            "subnet_id": "subnet-01034a405405663d6"
          },
          "sensitive_attributes": [],
          "private": "bnVsbA==",
          "dependencies": [
            "aws_efs_file_system.foo_with_lifecyle_policy",
            "aws_security_group.ec2_pool",
            "aws_security_group.efs",
            "aws_security_group.fargate_pool",
            "aws_subnet.private_c",
            "aws_vpc.cloudx"
          ]
        }
      ]
    },
    {
      "mode": "managed",
      "type": "aws_iam_policy",
      "name": "ghost_policy",
      "provider": "provider[\"registry.terraform.io/hashicorp/aws\"]",
      "instances": [
        {
          "schema_version": 0,
          "attributes": {
            "arn": "arn:aws:iam::164033467123:policy/ghost_policy",
            "description": "",
            "id": "arn:aws:iam::164033467123:policy/ghost_policy",
            "name": "ghost_policy",
            "name_prefix": null,
            "path": "/",
            "policy": "{\"Statement\":[{\"Action\":[\"ec2:Describe*\",\"ecr:GetAuthorizationToken\",\"ecr:BatchCheckLayerAvailability\",\"ecr:GetDownloadUrlForLayer\",\"ecr:BatchGetImage\",\"logs:CreateLogStream\",\"logs:PutLogEvents\",\"ssm:GetParameter*\",\"secretsmanager:GetSecretValue\",\"kms:Decrypt\",\"elasticfilesystem:DescribeFileSystems\",\"elasticfilesystem:ClientMount\",\"elasticfilesystem:ClientWrite\"],\"Effect\":\"Allow\",\"Resource\":\"*\"}],\"Version\":\"2012-10-17\"}",
            "policy_id": "ANPASMMJICLZZU6B4ZN7Y",
            "tags": null,
            "tags_all": {}
          },
          "sensitive_attributes": [],
          "private": "bnVsbA=="
        }
      ]
    },
    {
      "mode": "managed",
      "type": "aws_iam_role",
      "name": "ghost_role",
      "provider": "provider[\"registry.terraform.io/hashicorp/aws\"]",
      "instances": [
        {
          "schema_version": 0,
          "attributes": {
            "arn": "arn:aws:iam::164033467123:role/ghost_app",
            "assume_role_policy": "{\"Version\":\"2012-10-17\",\"Statement\":[{\"Sid\":\"\",\"Effect\":\"Allow\",\"Principal\":{\"AWS\":\"*\"},\"Action\":\"sts:AssumeRole\"}]}",
            "create_date": "2022-03-07T06:49:36Z",
            "description": "",
            "force_detach_policies": false,
            "id": "ghost_app",
            "inline_policy": [
              {
                "name": "",
                "policy": ""
              }
            ],
            "managed_policy_arns": [
              "arn:aws:iam::164033467123:policy/ghost_policy"
            ],
            "max_session_duration": 3600,
            "name": "ghost_app",
            "name_prefix": "",
            "path": "/",
            "permissions_boundary": null,
            "tags": null,
            "tags_all": {},
            "unique_id": "AROASMMJICLZV2M3C3ISN"
          },
          "sensitive_attributes": [],
          "private": "bnVsbA==",
          "dependencies": [
            "aws_iam_policy.ghost_policy",
            "data.aws_iam_policy_document.ghost_app_assume_role_policy"
          ]
        }
      ]
    },
    {
      "mode": "managed",
      "type": "aws_internet_gateway",
      "name": "cloudx-igw",
      "provider": "provider[\"registry.terraform.io/hashicorp/aws\"]",
      "instances": [
        {
          "schema_version": 0,
          "attributes": {
            "arn": "arn:aws:ec2:us-east-1:164033467123:internet-gateway/igw-0dcceb1e5bf657e65",
            "id": "igw-0dcceb1e5bf657e65",
            "owner_id": "164033467123",
            "tags": {
              "Name": "cloudx-igw"
            },
            "tags_all": {
              "Name": "cloudx-igw"
            },
            "vpc_id": "vpc-0e5e001124de1a967"
          },
          "sensitive_attributes": [],
          "private": "bnVsbA==",
          "dependencies": [
            "aws_vpc.cloudx"
          ]
        }
      ]
    },
    {
      "mode": "managed",
      "type": "aws_key_pair",
      "name": "generated_key",
      "provider": "provider[\"registry.terraform.io/hashicorp/aws\"]",
      "instances": [
        {
          "schema_version": 1,
          "attributes": {
            "arn": "arn:aws:ec2:us-east-1:164033467123:key-pair/ghost_key",
            "fingerprint": "dd:36:bb:5e:67:59:7a:57:d4:f3:ed:ca:dc:08:57:41",
            "id": "ghost_key",
            "key_name": "ghost_key",
            "key_name_prefix": "",
            "key_pair_id": "key-0350bdbbb20ac9ea6",
            "public_key": "ssh-rsa AAAAB3NzaC1yc2EAAAADAQABAAACAQDG2uocjLcf1k9Xibh7jgCyBfioxm/UrdvR0xb1e5jF9NpU7rsvc7giZYJGXsnRr42NZ60oSeFs/6EStP4yrjBing0vmF+mc20FwGUkulbB3BZC4s/Whz8KIMGoz2FgS5HJe54dTOnCKZEOASYpdkweWigfY5ROJIWGqPFmBooggT0smvo4glWs2dvfqUudONz3/CAV/rBntru7luvgxi3ooKQvfnMGeev3z2A7GriXv2dovgYt/Ue/9NVx7RwiHxN5ms4fpPam5z45WU4JIxy2cV67PfkjAi84IiLbk/U46H+dcokiRZ4PVGbm0Pjubj5keb1yr4ZlFvaSq64FaCtDVAF+MtDqdEgRhedioFpFb0KrXaFKEw+GID97xXxpF1kFvwOPYiUqgH4DVvVyUqO2m6GD+jI9WxUJdt6oQqlXcrfm2UUh2Kw8ivYiJLC0LtruVzxfdviuW5bD6QVUdGoI8YBEQ2D3kKAcj3ZQdFY0qY0fog0JxhZzexBxmiaXd9ASurNJui4lQPQ7Djw3T9EBACIGI+TTMQAxOSHmrn2g2SPuKfWwS9ZIqWUoRStmg2dIoulk/DwqnMOUnVlLqN6zZMmHqUjGwShXr8vK7KEWV2sbdAgBujo2zvX0oWlN/PjF033nR9+14Z5bWUX4Cie1TeQmhZPPI66bJqUDj3ioBw==",
            "tags": null,
            "tags_all": {}
          },
          "sensitive_attributes": [],
          "private": "eyJzY2hlbWFfdmVyc2lvbiI6IjEifQ==",
          "dependencies": [
            "tls_private_key.ghost-ec2-pool"
          ]
        }
      ]
    },
    {
      "mode": "managed",
      "type": "aws_launch_template",
      "name": "ghost_template",
      "provider": "provider[\"registry.terraform.io/hashicorp/aws\"]",
      "instances": [
        {
          "schema_version": 0,
          "attributes": {
            "arn": "arn:aws:ec2:us-east-1:164033467123:launch-template/lt-0977605c66ee4c17e",
            "block_device_mappings": [],
            "capacity_reservation_specification": [],
            "cpu_options": [],
            "credit_specification": [],
            "default_version": 1,
            "description": "",
            "disable_api_termination": false,
            "ebs_optimized": "",
            "elastic_gpu_specifications": [],
            "elastic_inference_accelerator": [],
            "enclave_options": [],
            "hibernation_options": [],
            "iam_instance_profile": [],
            "id": "lt-0977605c66ee4c17e",
            "image_id": "ami-033b95fb8079dc481",
            "instance_initiated_shutdown_behavior": "",
            "instance_market_options": [],
            "instance_type": "t2.micro",
            "kernel_id": "",
            "key_name": "ghost_key",
            "latest_version": 1,
            "license_specification": [],
            "metadata_options": [
              {
                "http_endpoint": "enabled",
                "http_protocol_ipv6": "disabled",
                "http_put_response_hop_limit": 1,
                "http_tokens": "required",
                "instance_metadata_tags": "enabled"
              }
            ],
            "monitoring": [
              {
                "enabled": true
              }
            ],
            "name": "ghost",
            "name_prefix": "",
            "network_interfaces": [
              {
                "associate_carrier_ip_address": "",
                "associate_public_ip_address": "true",
                "delete_on_termination": "",
                "description": "",
                "device_index": 0,
                "interface_type": "",
                "ipv4_address_count": 0,
                "ipv4_addresses": null,
                "ipv6_address_count": 0,
                "ipv6_addresses": null,
                "network_card_index": 0,
                "network_interface_id": "",
                "private_ip_address": "",
                "security_groups": [
                  "sg-0bcd49aa825ece4df"
                ],
                "subnet_id": ""
              }
            ],
            "placement": [],
            "ram_disk_id": "",
            "security_group_names": null,
            "tag_specifications": [
              {
                "resource_type": "instance",
                "tags": {
                  "Name": "ghost"
                }
              }
            ],
            "tags": null,
            "tags_all": {},
            "update_default_version": null,
            "user_data": "IyEvYmluL2Jhc2ggLXhlCmV4cG9ydCBIT01FPSIvcm9vdCIKU1NNX0RCX1BBU1NXT1JEPSIvZ2gvZGIvcGFzcyIKR0hPU1RfUEFDS0FHRT0iZ2hvc3QtNC4xMi4xLnRneiIKREJfVVJMPSR7ZGJfdXJsX3RwbH0KREJfVVNFUj0iZ2hfdXNlciIKREJfTkFNRT0iZ2hfZGIiCiAKUkVHSU9OPSQoL3Vzci9iaW4vY3VybCAtcyBodHRwOi8vMTY5LjI1NC4xNjkuMjU0L2xhdGVzdC9tZXRhLWRhdGEvcGxhY2VtZW50L2F2YWlsYWJpbGl0eS16b25lIHwgc2VkICdzL1thLXpdJC8vJykKREJfUEFTU1dPUkQ9JChhd3Mgc3NtIGdldC1wYXJhbWV0ZXIgLS1uYW1lICRTU01fREJfUEFTU1dPUkQgLS1xdWVyeSBQYXJhbWV0ZXIuVmFsdWUgLS13aXRoLWRlY3J5cHRpb24gLS1yZWdpb24gJFJFR0lPTiAtLW91dHB1dCB0ZXh0KQpFRlNfSUQ9JChhd3MgZWZzIGRlc2NyaWJlLWZpbGUtc3lzdGVtcyAtLXF1ZXJ5ICdGaWxlU3lzdGVtc1s/TmFtZT09YGdoX2RhdGFgXS5GaWxlU3lzdGVtSWQnIC0tcmVnaW9uICRSRUdJT04gLS1vdXRwdXQgdGV4dCkKIAojIyMgSW5zdGFsbCBwcmUtcmVxcwpjdXJsIGh0dHBzOi8vYm9vdHN0cmFwLnB5cGEuaW8vZ2V0LXBpcC5weSAtbyAvdG1wL2dldC1waXAucHkKc3VkbyBweXRob24zIC90bXAvZ2V0LXBpcC5weQpzdWRvIC91c3IvbG9jYWwvYmluL3BpcCBpbnN0YWxsIGJvdG9jb3JlCmN1cmwgLXNMIGh0dHBzOi8vcnBtLm5vZGVzb3VyY2UuY29tL3NldHVwXzE0LnggfCBzdWRvIGJhc2ggLQpzdWRvIHl1bSBpbnN0YWxsIC15IG5vZGVqcwpzdWRvIG5wbSBpbnN0YWxsIHBtMiAtZwogCiMjIyBFRlMgbW91bnQKbWtkaXIgLXAgL3Zhci9saWIvZ2hvc3QvY29udGVudAp5dW0gLXkgaW5zdGFsbCBhbWF6b24tZWZzLXV0aWxzCm1vdW50IC10IGVmcyAtbyB0bHMgJEVGU19JRDovIC92YXIvbGliL2dob3N0L2NvbnRlbnQKIAojIyMgQ29uZmlndXJlIGFuZCBzdGFydCBnaG9zdCBhcHAKbWtkaXIgZ2hvc3QKd2dldCBodHRwczovL3JlZ2lzdHJ5Lm5wbWpzLm9yZy9naG9zdC8tLyRHSE9TVF9QQUNLQUdFCnRhciAteHp2ZiAkR0hPU1RfUEFDS0FHRSAtQyBnaG9zdCAtLXN0cmlwLWNvbXBvbmVudHM9MQpybSAkR0hPU1RfUEFDS0FHRSAmJiBjZCBnaG9zdAogCmNhdCA8PCBFT0YgPj4gY29uZmlnLnByb2R1Y3Rpb24uanNvbgp7CiAgICAiZGF0YWJhc2UiOiB7CiAgICAgICAgICAgICJjbGllbnQiOiAibXlzcWwiLAogICAgICAgICAgICAiY29ubmVjdGlvbiI6IHsKICAgICAgICAgICAgICAgICAgICAiaG9zdCI6ICIkREJfVVJMIiwKICAgICAgICAgICAgICAgICAgICAicG9ydCI6IDMzMDYsCiAgICAgICAgICAgICAgICAgICAgInVzZXIiOiAiJERCX1VTRVIiLAogICAgICAgICAgICAgICAgICAgICJwYXNzd29yZCI6ICIkREJfUEFTU1dPUkQiLAogICAgICAgICAgICAgICAgICAgICJkYXRhYmFzZSI6ICIkREJfTkFNRSIKICAgICAgICAgICAgfQogICAgfSwKICAgICJzZXJ2ZXIiOiB7CiAgICAgICAgICAgICJob3N0IjogIjAuMC4wLjAiLAogICAgICAgICAgICAicG9ydCI6ICIyMzY4IgogICAgfSwKICAgICJwYXRocyI6IHsKICAgICAgICAiY29udGVudFBhdGgiOiAiL3Zhci9saWIvZ2hvc3QvY29udGVudCIKICAgIH0KfQpFT0YKIApyc3luYyAtYXh2ciAtLWlnbm9yZS1leGlzdGluZyAvZ2hvc3QvY29udGVudC8gL3Zhci9saWIvZ2hvc3QvY29udGVudCB8fCB0cnVlCmNobW9kIDc1NSAtUiAvdmFyL2xpYi9naG9zdAogCm5wbSBpbnN0YWxsCiAKTk9ERV9FTlY9cHJvZHVjdGlvbiBwbTIgc3RhcnQgL2dob3N0L2luZGV4LmpzIC0tbmFtZSAiZ2hvc3QiIC1pIG1heA==",
            "vpc_security_group_ids": null
          },
          "sensitive_attributes": [],
          "private": "bnVsbA==",
          "dependencies": [
            "aws_security_group.ec2_pool",
            "aws_vpc.cloudx"
          ]
        }
      ]
    },
    {
      "mode": "managed",
      "type": "aws_lb",
      "name": "ghost_lb",
      "provider": "provider[\"registry.terraform.io/hashicorp/aws\"]",
      "instances": [
        {
          "schema_version": 0,
          "attributes": {
            "access_logs": [
              {
                "bucket": "",
                "enabled": false,
                "prefix": ""
              }
            ],
            "arn": "arn:aws:elasticloadbalancing:us-east-1:164033467123:loadbalancer/app/ghost-lb/6d1bd282e00c7ab9",
            "arn_suffix": "app/ghost-lb/6d1bd282e00c7ab9",
            "customer_owned_ipv4_pool": "",
            "desync_mitigation_mode": "defensive",
            "dns_name": "ghost-lb-1473404581.us-east-1.elb.amazonaws.com",
            "drop_invalid_header_fields": false,
            "enable_cross_zone_load_balancing": null,
            "enable_deletion_protection": false,
            "enable_http2": true,
            "enable_waf_fail_open": false,
            "id": "arn:aws:elasticloadbalancing:us-east-1:164033467123:loadbalancer/app/ghost-lb/6d1bd282e00c7ab9",
            "idle_timeout": 60,
            "internal": false,
            "ip_address_type": "ipv4",
            "load_balancer_type": "application",
            "name": "ghost-lb",
            "name_prefix": null,
            "security_groups": [
              "sg-0dd52027a103458be"
            ],
            "subnet_mapping": [
              {
                "allocation_id": "",
                "ipv6_address": "",
                "outpost_id": "",
                "private_ipv4_address": "",
                "subnet_id": "subnet-069686d9bbb5823aa"
              },
              {
                "allocation_id": "",
                "ipv6_address": "",
                "outpost_id": "",
                "private_ipv4_address": "",
                "subnet_id": "subnet-07f9903296f9ebb99"
              },
              {
                "allocation_id": "",
                "ipv6_address": "",
                "outpost_id": "",
                "private_ipv4_address": "",
                "subnet_id": "subnet-0d2c80c80d4b1365c"
              }
            ],
            "subnets": [
              "subnet-069686d9bbb5823aa",
              "subnet-07f9903296f9ebb99",
              "subnet-0d2c80c80d4b1365c"
            ],
            "tags": {
              "Environment": "production"
            },
            "tags_all": {
              "Environment": "production"
            },
            "timeouts": null,
            "vpc_id": "vpc-0e5e001124de1a967",
            "zone_id": "Z35SXDOTRQ7X7K"
          },
          "sensitive_attributes": [],
          "private": "eyJlMmJmYjczMC1lY2FhLTExZTYtOGY4OC0zNDM2M2JjN2M0YzAiOnsiY3JlYXRlIjo2MDAwMDAwMDAwMDAsImRlbGV0ZSI6NjAwMDAwMDAwMDAwLCJ1cGRhdGUiOjYwMDAwMDAwMDAwMH19",
          "dependencies": [
            "aws_security_group.alb",
            "aws_security_group.ec2_pool",
            "aws_security_group.fargate_pool",
            "aws_subnet.public_a",
            "aws_subnet.public_b",
            "aws_subnet.public_c",
            "aws_vpc.cloudx"
          ]
        }
      ]
    },
    {
      "mode": "managed",
      "type": "aws_lb_listener",
      "name": "ghost_listener_ec2",
      "provider": "provider[\"registry.terraform.io/hashicorp/aws\"]",
      "instances": [
        {
          "schema_version": 0,
          "attributes": {
            "alpn_policy": null,
            "arn": "arn:aws:elasticloadbalancing:us-east-1:164033467123:listener/app/ghost-lb/6d1bd282e00c7ab9/c6c14988c3d74482",
            "certificate_arn": null,
            "default_action": [
              {
                "authenticate_cognito": [],
                "authenticate_oidc": [],
                "fixed_response": [],
                "forward": [],
                "order": 1,
                "redirect": [
                  {
                    "host": "#{host}",
                    "path": "/#{path}",
                    "port": "443",
                    "protocol": "HTTPS",
                    "query": "#{query}",
                    "status_code": "HTTP_301"
                  }
                ],
                "target_group_arn": "",
                "type": "redirect"
              }
            ],
            "id": "arn:aws:elasticloadbalancing:us-east-1:164033467123:listener/app/ghost-lb/6d1bd282e00c7ab9/c6c14988c3d74482",
            "load_balancer_arn": "arn:aws:elasticloadbalancing:us-east-1:164033467123:loadbalancer/app/ghost-lb/6d1bd282e00c7ab9",
            "port": 80,
            "protocol": "HTTP",
            "ssl_policy": "",
            "tags": null,
            "tags_all": {},
            "timeouts": null
          },
          "sensitive_attributes": [],
          "private": "eyJlMmJmYjczMC1lY2FhLTExZTYtOGY4OC0zNDM2M2JjN2M0YzAiOnsicmVhZCI6NjAwMDAwMDAwMDAwfX0=",
          "dependencies": [
            "aws_lb.ghost_lb",
            "aws_security_group.alb",
            "aws_security_group.ec2_pool",
            "aws_security_group.fargate_pool",
            "aws_subnet.public_a",
            "aws_subnet.public_b",
            "aws_subnet.public_c",
            "aws_vpc.cloudx"
          ]
        }
      ]
    },
    {
      "mode": "managed",
      "type": "aws_lb_listener_rule",
      "name": "host_based_routing",
      "provider": "provider[\"registry.terraform.io/hashicorp/aws\"]",
      "instances": [
        {
          "schema_version": 0,
          "attributes": {
            "action": [
              {
                "authenticate_cognito": [],
                "authenticate_oidc": [],
                "fixed_response": [],
                "forward": [
                  {
                    "stickiness": [
                      {
                        "duration": 0,
                        "enabled": false
                      }
                    ],
                    "target_group": [
                      {
                        "arn": "arn:aws:elasticloadbalancing:us-east-1:164033467123:targetgroup/ghost-ec2/e8af7fcca6124e3f",
                        "weight": 70
                      },
                      {
                        "arn": "arn:aws:elasticloadbalancing:us-east-1:164033467123:targetgroup/ghost-fargate/c00c9413f586ffee",
                        "weight": 30
                      }
                    ]
                  }
                ],
                "order": 1,
                "redirect": [],
                "target_group_arn": "",
                "type": "forward"
              }
            ],
            "arn": "arn:aws:elasticloadbalancing:us-east-1:164033467123:listener-rule/app/ghost-lb/6d1bd282e00c7ab9/c6c14988c3d74482/9838d1e2c05b8e79",
            "condition": [
              {
                "host_header": [],
                "http_header": [],
                "http_request_method": [],
                "path_pattern": [
                  {
                    "values": [
                      "/static/*"
                    ]
                  }
                ],
                "query_string": [],
                "source_ip": []
              }
            ],
            "id": "arn:aws:elasticloadbalancing:us-east-1:164033467123:listener-rule/app/ghost-lb/6d1bd282e00c7ab9/c6c14988c3d74482/9838d1e2c05b8e79",
            "listener_arn": "arn:aws:elasticloadbalancing:us-east-1:164033467123:listener/app/ghost-lb/6d1bd282e00c7ab9/c6c14988c3d74482",
            "priority": 99,
            "tags": null,
            "tags_all": {}
          },
          "sensitive_attributes": [],
          "private": "bnVsbA==",
          "dependencies": [
            "aws_lb.ghost_lb",
            "aws_lb_listener.ghost_listener_ec2",
            "aws_lb_target_group.ghost-ec2",
            "aws_lb_target_group.ghost-fargate",
            "aws_security_group.alb",
            "aws_security_group.ec2_pool",
            "aws_security_group.fargate_pool",
            "aws_subnet.public_a",
            "aws_subnet.public_b",
            "aws_subnet.public_c",
            "aws_vpc.cloudx"
          ]
        }
      ]
    },
    {
      "mode": "managed",
      "type": "aws_lb_target_group",
      "name": "ghost-ec2",
      "provider": "provider[\"registry.terraform.io/hashicorp/aws\"]",
      "instances": [
        {
          "schema_version": 0,
          "attributes": {
            "arn": "arn:aws:elasticloadbalancing:us-east-1:164033467123:targetgroup/ghost-ec2/e8af7fcca6124e3f",
            "arn_suffix": "targetgroup/ghost-ec2/e8af7fcca6124e3f",
            "connection_termination": false,
            "deregistration_delay": "300",
            "health_check": [
              {
                "enabled": true,
                "healthy_threshold": 5,
                "interval": 30,
                "matcher": "200",
                "path": "/",
                "port": "traffic-port",
                "protocol": "HTTP",
                "timeout": 5,
                "unhealthy_threshold": 2
              }
            ],
            "id": "arn:aws:elasticloadbalancing:us-east-1:164033467123:targetgroup/ghost-ec2/e8af7fcca6124e3f",
            "lambda_multi_value_headers_enabled": false,
            "load_balancing_algorithm_type": "round_robin",
            "name": "ghost-ec2",
            "name_prefix": null,
            "port": 2368,
            "preserve_client_ip": null,
            "protocol": "HTTP",
            "protocol_version": "HTTP1",
            "proxy_protocol_v2": false,
            "slow_start": 0,
            "stickiness": [
              {
                "cookie_duration": 86400,
                "cookie_name": "",
                "enabled": false,
                "type": "lb_cookie"
              }
            ],
            "tags": null,
            "tags_all": {},
            "target_type": "instance",
            "vpc_id": "vpc-0e5e001124de1a967"
          },
          "sensitive_attributes": [],
          "private": "bnVsbA==",
          "dependencies": [
            "aws_vpc.cloudx"
          ]
        }
      ]
    },
    {
      "mode": "managed",
      "type": "aws_lb_target_group",
      "name": "ghost-fargate",
      "provider": "provider[\"registry.terraform.io/hashicorp/aws\"]",
      "instances": [
        {
          "schema_version": 0,
          "attributes": {
            "arn": "arn:aws:elasticloadbalancing:us-east-1:164033467123:targetgroup/ghost-fargate/c00c9413f586ffee",
            "arn_suffix": "targetgroup/ghost-fargate/c00c9413f586ffee",
            "connection_termination": false,
            "deregistration_delay": "300",
            "health_check": [
              {
                "enabled": true,
                "healthy_threshold": 5,
                "interval": 30,
                "matcher": "200",
                "path": "/",
                "port": "traffic-port",
                "protocol": "HTTP",
                "timeout": 5,
                "unhealthy_threshold": 2
              }
            ],
            "id": "arn:aws:elasticloadbalancing:us-east-1:164033467123:targetgroup/ghost-fargate/c00c9413f586ffee",
            "lambda_multi_value_headers_enabled": false,
            "load_balancing_algorithm_type": "round_robin",
            "name": "ghost-fargate",
            "name_prefix": null,
            "port": 2368,
            "preserve_client_ip": null,
            "protocol": "HTTP",
            "protocol_version": "HTTP1",
            "proxy_protocol_v2": false,
            "slow_start": 0,
            "stickiness": [
              {
                "cookie_duration": 86400,
                "cookie_name": "",
                "enabled": false,
                "type": "lb_cookie"
              }
            ],
            "tags": null,
            "tags_all": {},
            "target_type": "ip",
            "vpc_id": "vpc-0e5e001124de1a967"
          },
          "sensitive_attributes": [],
          "private": "bnVsbA==",
          "dependencies": [
            "aws_vpc.cloudx"
          ]
        }
      ]
    },
    {
      "mode": "managed",
      "type": "aws_route_table",
      "name": "private_rt",
      "provider": "provider[\"registry.terraform.io/hashicorp/aws\"]",
      "instances": [
        {
          "schema_version": 0,
          "attributes": {
            "arn": "arn:aws:ec2:us-east-1:164033467123:route-table/rtb-0b9373ede88ad2880",
            "id": "rtb-0b9373ede88ad2880",
            "owner_id": "164033467123",
            "propagating_vgws": [],
            "route": [],
            "tags": {
              "Name": "private_rt"
            },
            "tags_all": {
              "Name": "private_rt"
            },
            "timeouts": null,
            "vpc_id": "vpc-0e5e001124de1a967"
          },
          "sensitive_attributes": [],
          "private": "eyJlMmJmYjczMC1lY2FhLTExZTYtOGY4OC0zNDM2M2JjN2M0YzAiOnsiY3JlYXRlIjozMDAwMDAwMDAwMDAsImRlbGV0ZSI6MzAwMDAwMDAwMDAwLCJ1cGRhdGUiOjEyMDAwMDAwMDAwMH19",
          "dependencies": [
            "aws_vpc.cloudx"
          ]
        }
      ]
    },
    {
      "mode": "managed",
      "type": "aws_route_table",
      "name": "public_rt",
      "provider": "provider[\"registry.terraform.io/hashicorp/aws\"]",
      "instances": [
        {
          "schema_version": 0,
          "attributes": {
            "arn": "arn:aws:ec2:us-east-1:164033467123:route-table/rtb-0321143e5389be0f4",
            "id": "rtb-0321143e5389be0f4",
            "owner_id": "164033467123",
            "propagating_vgws": [],
            "route": [
              {
                "carrier_gateway_id": "",
                "cidr_block": "0.0.0.0/0",
                "destination_prefix_list_id": "",
                "egress_only_gateway_id": "",
                "gateway_id": "igw-0dcceb1e5bf657e65",
                "instance_id": "",
                "ipv6_cidr_block": "",
                "local_gateway_id": "",
                "nat_gateway_id": "",
                "network_interface_id": "",
                "transit_gateway_id": "",
                "vpc_endpoint_id": "",
                "vpc_peering_connection_id": ""
              }
            ],
            "tags": {
              "Name": "public_rt"
            },
            "tags_all": {
              "Name": "public_rt"
            },
            "timeouts": null,
            "vpc_id": "vpc-0e5e001124de1a967"
          },
          "sensitive_attributes": [],
          "private": "eyJlMmJmYjczMC1lY2FhLTExZTYtOGY4OC0zNDM2M2JjN2M0YzAiOnsiY3JlYXRlIjozMDAwMDAwMDAwMDAsImRlbGV0ZSI6MzAwMDAwMDAwMDAwLCJ1cGRhdGUiOjEyMDAwMDAwMDAwMH19",
          "dependencies": [
            "aws_internet_gateway.cloudx-igw",
            "aws_vpc.cloudx"
          ]
        }
      ]
    },
    {
      "mode": "managed",
      "type": "aws_route_table_association",
      "name": "private_rt_association_a",
      "provider": "provider[\"registry.terraform.io/hashicorp/aws\"]",
      "instances": [
        {
          "schema_version": 0,
          "attributes": {
            "gateway_id": "",
            "id": "rtbassoc-0f0f3b70ee69951cf",
            "route_table_id": "rtb-0b9373ede88ad2880",
            "subnet_id": "subnet-0e77428f1da5c5fa0"
          },
          "sensitive_attributes": [],
          "private": "bnVsbA==",
          "dependencies": [
            "aws_route_table.private_rt",
            "aws_subnet.private_a",
            "aws_vpc.cloudx"
          ]
        }
      ]
    },
    {
      "mode": "managed",
      "type": "aws_route_table_association",
      "name": "private_rt_association_b",
      "provider": "provider[\"registry.terraform.io/hashicorp/aws\"]",
      "instances": [
        {
          "schema_version": 0,
          "attributes": {
            "gateway_id": "",
            "id": "rtbassoc-009e3419541f49977",
            "route_table_id": "rtb-0b9373ede88ad2880",
            "subnet_id": "subnet-0897f65da96f9b705"
          },
          "sensitive_attributes": [],
          "private": "bnVsbA==",
          "dependencies": [
            "aws_route_table.private_rt",
            "aws_subnet.private_b",
            "aws_vpc.cloudx"
          ]
        }
      ]
    },
    {
      "mode": "managed",
      "type": "aws_route_table_association",
      "name": "private_rt_association_c",
      "provider": "provider[\"registry.terraform.io/hashicorp/aws\"]",
      "instances": [
        {
          "schema_version": 0,
          "attributes": {
            "gateway_id": "",
            "id": "rtbassoc-0daf13eaa45c99a90",
            "route_table_id": "rtb-0b9373ede88ad2880",
            "subnet_id": "subnet-01034a405405663d6"
          },
          "sensitive_attributes": [],
          "private": "bnVsbA==",
          "dependencies": [
            "aws_route_table.private_rt",
            "aws_subnet.private_c",
            "aws_vpc.cloudx"
          ]
        }
      ]
    },
    {
      "mode": "managed",
      "type": "aws_route_table_association",
      "name": "public_rt_association_a",
      "provider": "provider[\"registry.terraform.io/hashicorp/aws\"]",
      "instances": [
        {
          "schema_version": 0,
          "attributes": {
            "gateway_id": "",
            "id": "rtbassoc-003448941cdec1c83",
            "route_table_id": "rtb-0321143e5389be0f4",
            "subnet_id": "subnet-0d2c80c80d4b1365c"
          },
          "sensitive_attributes": [],
          "private": "bnVsbA==",
          "dependencies": [
            "aws_internet_gateway.cloudx-igw",
            "aws_route_table.public_rt",
            "aws_subnet.public_a",
            "aws_vpc.cloudx"
          ]
        }
      ]
    },
    {
      "mode": "managed",
      "type": "aws_route_table_association",
      "name": "public_rt_association_b",
      "provider": "provider[\"registry.terraform.io/hashicorp/aws\"]",
      "instances": [
        {
          "schema_version": 0,
          "attributes": {
            "gateway_id": "",
            "id": "rtbassoc-00c3641889667d8ca",
            "route_table_id": "rtb-0321143e5389be0f4",
            "subnet_id": "subnet-07f9903296f9ebb99"
          },
          "sensitive_attributes": [],
          "private": "bnVsbA==",
          "dependencies": [
            "aws_internet_gateway.cloudx-igw",
            "aws_route_table.public_rt",
            "aws_subnet.public_b",
            "aws_vpc.cloudx"
          ]
        }
      ]
    },
    {
      "mode": "managed",
      "type": "aws_route_table_association",
      "name": "public_rt_association_c",
      "provider": "provider[\"registry.terraform.io/hashicorp/aws\"]",
      "instances": [
        {
          "schema_version": 0,
          "attributes": {
            "gateway_id": "",
            "id": "rtbassoc-07ed380b9f0237a36",
            "route_table_id": "rtb-0321143e5389be0f4",
            "subnet_id": "subnet-069686d9bbb5823aa"
          },
          "sensitive_attributes": [],
          "private": "bnVsbA==",
          "dependencies": [
            "aws_internet_gateway.cloudx-igw",
            "aws_route_table.public_rt",
            "aws_subnet.public_c",
            "aws_vpc.cloudx"
          ]
        }
      ]
    },
    {
      "mode": "managed",
      "type": "aws_security_group",
      "name": "alb",
      "provider": "provider[\"registry.terraform.io/hashicorp/aws\"]",
      "instances": [
        {
          "schema_version": 1,
          "attributes": {
            "arn": "arn:aws:ec2:us-east-1:164033467123:security-group/sg-0dd52027a103458be",
            "description": "defines access to alb",
            "egress": [
              {
                "cidr_blocks": [],
                "description": "",
                "from_port": 0,
                "ipv6_cidr_blocks": [],
                "prefix_list_ids": [],
                "protocol": "-1",
                "security_groups": [
                  "sg-02b884e72e28c99fb"
                ],
                "self": false,
                "to_port": 0
              },
              {
                "cidr_blocks": [],
                "description": "",
                "from_port": 0,
                "ipv6_cidr_blocks": [],
                "prefix_list_ids": [],
                "protocol": "-1",
                "security_groups": [
                  "sg-0bcd49aa825ece4df"
                ],
                "self": false,
                "to_port": 0
              }
            ],
            "id": "sg-0dd52027a103458be",
            "ingress": [
              {
                "cidr_blocks": [
                  "0.0.0.0/0"
                ],
                "description": "",
                "from_port": 80,
                "ipv6_cidr_blocks": [],
                "prefix_list_ids": [],
                "protocol": "tcp",
                "security_groups": [],
                "self": false,
                "to_port": 80
              }
            ],
            "name": "alb",
            "name_prefix": "",
            "owner_id": "164033467123",
            "revoke_rules_on_delete": false,
            "tags": {
              "Name": "alb"
            },
            "tags_all": {
              "Name": "alb"
            },
            "timeouts": null,
            "vpc_id": "vpc-0e5e001124de1a967"
          },
          "sensitive_attributes": [],
          "private": "eyJlMmJmYjczMC1lY2FhLTExZTYtOGY4OC0zNDM2M2JjN2M0YzAiOnsiY3JlYXRlIjo2MDAwMDAwMDAwMDAsImRlbGV0ZSI6OTAwMDAwMDAwMDAwfSwic2NoZW1hX3ZlcnNpb24iOiIxIn0=",
          "dependencies": [
            "aws_security_group.ec2_pool",
            "aws_security_group.fargate_pool",
            "aws_vpc.cloudx"
          ]
        }
      ]
    },
    {
      "mode": "managed",
      "type": "aws_security_group",
      "name": "ec2_pool",
      "provider": "provider[\"registry.terraform.io/hashicorp/aws\"]",
      "instances": [
        {
          "schema_version": 1,
          "attributes": {
            "arn": "arn:aws:ec2:us-east-1:164033467123:security-group/sg-0bcd49aa825ece4df",
            "description": "allows access for ec2 instances",
            "egress": [
              {
                "cidr_blocks": [
                  "0.0.0.0/0"
                ],
                "description": "",
                "from_port": 0,
                "ipv6_cidr_blocks": [],
                "prefix_list_ids": [],
                "protocol": "-1",
                "security_groups": [],
                "self": false,
                "to_port": 0
              }
            ],
            "id": "sg-0bcd49aa825ece4df",
            "ingress": [
              {
                "cidr_blocks": [
                  "0.0.0.0/0"
                ],
                "description": "",
                "from_port": 22,
                "ipv6_cidr_blocks": [],
                "prefix_list_ids": [],
                "protocol": "tcp",
                "security_groups": [],
                "self": false,
                "to_port": 22
              },
              {
                "cidr_blocks": [
                  "10.10.0.0/16"
                ],
                "description": "",
                "from_port": 2049,
                "ipv6_cidr_blocks": [],
                "prefix_list_ids": [],
                "protocol": "tcp",
                "security_groups": [],
                "self": false,
                "to_port": 2049
              },
              {
                "cidr_blocks": [],
                "description": "",
                "from_port": 2368,
                "ipv6_cidr_blocks": [],
                "prefix_list_ids": [],
                "protocol": "tcp",
                "security_groups": [],
                "self": true,
                "to_port": 2368
              }
            ],
            "name": "ec2_pool",
            "name_prefix": "",
            "owner_id": "164033467123",
            "revoke_rules_on_delete": false,
            "tags": {
              "Name": "ec2_pool"
            },
            "tags_all": {
              "Name": "ec2_pool"
            },
            "timeouts": null,
            "vpc_id": "vpc-0e5e001124de1a967"
          },
          "sensitive_attributes": [],
          "private": "eyJlMmJmYjczMC1lY2FhLTExZTYtOGY4OC0zNDM2M2JjN2M0YzAiOnsiY3JlYXRlIjo2MDAwMDAwMDAwMDAsImRlbGV0ZSI6OTAwMDAwMDAwMDAwfSwic2NoZW1hX3ZlcnNpb24iOiIxIn0=",
          "dependencies": [
            "aws_vpc.cloudx"
          ]
        }
      ]
    },
    {
      "mode": "managed",
      "type": "aws_security_group",
      "name": "efs",
      "provider": "provider[\"registry.terraform.io/hashicorp/aws\"]",
      "instances": [
        {
          "schema_version": 1,
          "attributes": {
            "arn": "arn:aws:ec2:us-east-1:164033467123:security-group/sg-051602b94eaa6a200",
            "description": "defines access to efs mount points",
            "egress": [
              {
                "cidr_blocks": [
                  "10.10.0.0/16"
                ],
                "description": "",
                "from_port": 0,
                "ipv6_cidr_blocks": [],
                "prefix_list_ids": [],
                "protocol": "-1",
                "security_groups": [],
                "self": false,
                "to_port": 0
              }
            ],
            "id": "sg-051602b94eaa6a200",
            "ingress": [
              {
                "cidr_blocks": [],
                "description": "",
                "from_port": 2049,
                "ipv6_cidr_blocks": [],
                "prefix_list_ids": [],
                "protocol": "tcp",
                "security_groups": [
                  "sg-02b884e72e28c99fb"
                ],
                "self": false,
                "to_port": 2049
              },
              {
                "cidr_blocks": [],
                "description": "",
                "from_port": 2049,
                "ipv6_cidr_blocks": [],
                "prefix_list_ids": [],
                "protocol": "tcp",
                "security_groups": [
                  "sg-0bcd49aa825ece4df"
                ],
                "self": false,
                "to_port": 2049
              }
            ],
            "name": "efs",
            "name_prefix": "",
            "owner_id": "164033467123",
            "revoke_rules_on_delete": false,
            "tags": {
              "Name": "efs"
            },
            "tags_all": {
              "Name": "efs"
            },
            "timeouts": null,
            "vpc_id": "vpc-0e5e001124de1a967"
          },
          "sensitive_attributes": [],
          "private": "eyJlMmJmYjczMC1lY2FhLTExZTYtOGY4OC0zNDM2M2JjN2M0YzAiOnsiY3JlYXRlIjo2MDAwMDAwMDAwMDAsImRlbGV0ZSI6OTAwMDAwMDAwMDAwfSwic2NoZW1hX3ZlcnNpb24iOiIxIn0=",
          "dependencies": [
            "aws_security_group.ec2_pool",
            "aws_security_group.fargate_pool",
            "aws_vpc.cloudx"
          ]
        }
      ]
    },
    {
      "mode": "managed",
      "type": "aws_security_group",
      "name": "fargate_pool",
      "provider": "provider[\"registry.terraform.io/hashicorp/aws\"]",
      "instances": [
        {
          "schema_version": 1,
          "attributes": {
            "arn": "arn:aws:ec2:us-east-1:164033467123:security-group/sg-02b884e72e28c99fb",
            "description": "allows access for fargate instances",
            "egress": [
              {
                "cidr_blocks": [
                  "0.0.0.0/0"
                ],
                "description": "",
                "from_port": 0,
                "ipv6_cidr_blocks": [],
                "prefix_list_ids": [],
                "protocol": "-1",
                "security_groups": [],
                "self": false,
                "to_port": 0
              }
            ],
            "id": "sg-02b884e72e28c99fb",
            "ingress": [
              {
                "cidr_blocks": [
                  "10.10.0.0/16"
                ],
                "description": "",
                "from_port": 2049,
                "ipv6_cidr_blocks": [],
                "prefix_list_ids": [],
                "protocol": "tcp",
                "security_groups": [],
                "self": false,
                "to_port": 2049
              },
              {
                "cidr_blocks": [],
                "description": "",
                "from_port": 2368,
                "ipv6_cidr_blocks": [],
                "prefix_list_ids": [],
                "protocol": "tcp",
                "security_groups": [],
                "self": true,
                "to_port": 2368
              }
            ],
            "name": "fargate_pool",
            "name_prefix": "",
            "owner_id": "164033467123",
            "revoke_rules_on_delete": false,
            "tags": {
              "Name": "fargate_pool"
            },
            "tags_all": {
              "Name": "fargate_pool"
            },
            "timeouts": null,
            "vpc_id": "vpc-0e5e001124de1a967"
          },
          "sensitive_attributes": [],
          "private": "eyJlMmJmYjczMC1lY2FhLTExZTYtOGY4OC0zNDM2M2JjN2M0YzAiOnsiY3JlYXRlIjo2MDAwMDAwMDAwMDAsImRlbGV0ZSI6OTAwMDAwMDAwMDAwfSwic2NoZW1hX3ZlcnNpb24iOiIxIn0=",
          "dependencies": [
            "aws_vpc.cloudx"
          ]
        }
      ]
    },
    {
      "mode": "managed",
      "type": "aws_security_group",
      "name": "mysql",
      "provider": "provider[\"registry.terraform.io/hashicorp/aws\"]",
      "instances": [
        {
          "schema_version": 1,
          "attributes": {
            "arn": "arn:aws:ec2:us-east-1:164033467123:security-group/sg-0e33b74b48edf4c3c",
            "description": "defines access to ghost db",
            "egress": [],
            "id": "sg-0e33b74b48edf4c3c",
            "ingress": [
              {
                "cidr_blocks": [],
                "description": "",
                "from_port": 3306,
                "ipv6_cidr_blocks": [],
                "prefix_list_ids": [],
                "protocol": "tcp",
                "security_groups": [
                  "sg-02b884e72e28c99fb"
                ],
                "self": false,
                "to_port": 3306
              },
              {
                "cidr_blocks": [],
                "description": "",
                "from_port": 3306,
                "ipv6_cidr_blocks": [],
                "prefix_list_ids": [],
                "protocol": "tcp",
                "security_groups": [
                  "sg-0bcd49aa825ece4df"
                ],
                "self": false,
                "to_port": 3306
              }
            ],
            "name": "mysql",
            "name_prefix": "",
            "owner_id": "164033467123",
            "revoke_rules_on_delete": false,
            "tags": {
              "Name": "mysql"
            },
            "tags_all": {
              "Name": "mysql"
            },
            "timeouts": null,
            "vpc_id": "vpc-0e5e001124de1a967"
          },
          "sensitive_attributes": [],
          "private": "eyJlMmJmYjczMC1lY2FhLTExZTYtOGY4OC0zNDM2M2JjN2M0YzAiOnsiY3JlYXRlIjo2MDAwMDAwMDAwMDAsImRlbGV0ZSI6OTAwMDAwMDAwMDAwfSwic2NoZW1hX3ZlcnNpb24iOiIxIn0=",
          "dependencies": [
            "aws_security_group.ec2_pool",
            "aws_security_group.fargate_pool",
            "aws_vpc.cloudx"
          ]
        }
      ]
    },
    {
      "mode": "managed",
      "type": "aws_security_group",
      "name": "vpc_endpoint",
      "provider": "provider[\"registry.terraform.io/hashicorp/aws\"]",
      "instances": [
        {
          "schema_version": 1,
          "attributes": {
            "arn": "arn:aws:ec2:us-east-1:164033467123:security-group/sg-01fc62c9e563b0b43",
            "description": "defines access to vpc endpoints",
            "egress": [],
            "id": "sg-01fc62c9e563b0b43",
            "ingress": [
              {
                "cidr_blocks": [
                  "10.10.0.0/16"
                ],
                "description": "",
                "from_port": 443,
                "ipv6_cidr_blocks": [],
                "prefix_list_ids": [],
                "protocol": "tcp",
                "security_groups": [],
                "self": false,
                "to_port": 443
              }
            ],
            "name": "vpc_endpoint",
            "name_prefix": "",
            "owner_id": "164033467123",
            "revoke_rules_on_delete": false,
            "tags": {
              "Name": "vpc_endpoint"
            },
            "tags_all": {
              "Name": "vpc_endpoint"
            },
            "timeouts": null,
            "vpc_id": "vpc-0e5e001124de1a967"
          },
          "sensitive_attributes": [],
          "private": "eyJlMmJmYjczMC1lY2FhLTExZTYtOGY4OC0zNDM2M2JjN2M0YzAiOnsiY3JlYXRlIjo2MDAwMDAwMDAwMDAsImRlbGV0ZSI6OTAwMDAwMDAwMDAwfSwic2NoZW1hX3ZlcnNpb24iOiIxIn0=",
          "dependencies": [
            "aws_vpc.cloudx"
          ]
        }
      ]
    },
    {
      "mode": "managed",
      "type": "aws_ssm_parameter",
      "name": "secret",
      "provider": "provider[\"registry.terraform.io/hashicorp/aws\"]",
      "instances": [
        {
          "schema_version": 0,
          "attributes": {
            "allowed_pattern": "",
            "arn": "arn:aws:ssm:us-east-1:164033467123:parameter/ghost/dbpassw",
            "data_type": "text",
            "description": "DB User password",
            "id": "/ghost/dbpassw",
            "key_id": "alias/aws/ssm",
            "name": "/ghost/dbpassw",
            "overwrite": null,
            "tags": {
              "environment": "ghost_DB"
            },
            "tags_all": {
              "environment": "ghost_DB"
            },
            "tier": "Standard",
            "type": "SecureString",
            "value": "Test_pass7898747",
            "version": 1
          },
          "sensitive_attributes": [
            [
              {
                "type": "get_attr",
                "value": "value"
              }
            ]
          ],
          "private": "bnVsbA=="
        }
      ]
    },
    {
      "mode": "managed",
      "type": "aws_subnet",
      "name": "private_a",
      "provider": "provider[\"registry.terraform.io/hashicorp/aws\"]",
      "instances": [
        {
          "schema_version": 1,
          "attributes": {
            "arn": "arn:aws:ec2:us-east-1:164033467123:subnet/subnet-0e77428f1da5c5fa0",
            "assign_ipv6_address_on_creation": false,
            "availability_zone": "us-east-1a",
            "availability_zone_id": "use1-az4",
            "cidr_block": "10.10.10.0/24",
            "customer_owned_ipv4_pool": "",
            "enable_dns64": false,
            "enable_resource_name_dns_a_record_on_launch": false,
            "enable_resource_name_dns_aaaa_record_on_launch": false,
            "id": "subnet-0e77428f1da5c5fa0",
            "ipv6_cidr_block": "",
            "ipv6_cidr_block_association_id": "",
            "ipv6_native": false,
            "map_customer_owned_ip_on_launch": false,
            "map_public_ip_on_launch": false,
            "outpost_arn": "",
            "owner_id": "164033467123",
            "private_dns_hostname_type_on_launch": "ip-name",
            "tags": {
              "Name": "private_a"
            },
            "tags_all": {
              "Name": "private_a"
            },
            "timeouts": null,
            "vpc_id": "vpc-0e5e001124de1a967"
          },
          "sensitive_attributes": [],
          "private": "eyJlMmJmYjczMC1lY2FhLTExZTYtOGY4OC0zNDM2M2JjN2M0YzAiOnsiY3JlYXRlIjo2MDAwMDAwMDAwMDAsImRlbGV0ZSI6MTIwMDAwMDAwMDAwMH0sInNjaGVtYV92ZXJzaW9uIjoiMSJ9",
          "dependencies": [
            "aws_vpc.cloudx"
          ]
        }
      ]
    },
    {
      "mode": "managed",
      "type": "aws_subnet",
      "name": "private_b",
      "provider": "provider[\"registry.terraform.io/hashicorp/aws\"]",
      "instances": [
        {
          "schema_version": 1,
          "attributes": {
            "arn": "arn:aws:ec2:us-east-1:164033467123:subnet/subnet-0897f65da96f9b705",
            "assign_ipv6_address_on_creation": false,
            "availability_zone": "us-east-1b",
            "availability_zone_id": "use1-az6",
            "cidr_block": "10.10.11.0/24",
            "customer_owned_ipv4_pool": "",
            "enable_dns64": false,
            "enable_resource_name_dns_a_record_on_launch": false,
            "enable_resource_name_dns_aaaa_record_on_launch": false,
            "id": "subnet-0897f65da96f9b705",
            "ipv6_cidr_block": "",
            "ipv6_cidr_block_association_id": "",
            "ipv6_native": false,
            "map_customer_owned_ip_on_launch": false,
            "map_public_ip_on_launch": false,
            "outpost_arn": "",
            "owner_id": "164033467123",
            "private_dns_hostname_type_on_launch": "ip-name",
            "tags": {
              "Name": "private_b"
            },
            "tags_all": {
              "Name": "private_b"
            },
            "timeouts": null,
            "vpc_id": "vpc-0e5e001124de1a967"
          },
          "sensitive_attributes": [],
          "private": "eyJlMmJmYjczMC1lY2FhLTExZTYtOGY4OC0zNDM2M2JjN2M0YzAiOnsiY3JlYXRlIjo2MDAwMDAwMDAwMDAsImRlbGV0ZSI6MTIwMDAwMDAwMDAwMH0sInNjaGVtYV92ZXJzaW9uIjoiMSJ9",
          "dependencies": [
            "aws_vpc.cloudx"
          ]
        }
      ]
    },
    {
      "mode": "managed",
      "type": "aws_subnet",
      "name": "private_c",
      "provider": "provider[\"registry.terraform.io/hashicorp/aws\"]",
      "instances": [
        {
          "schema_version": 1,
          "attributes": {
            "arn": "arn:aws:ec2:us-east-1:164033467123:subnet/subnet-01034a405405663d6",
            "assign_ipv6_address_on_creation": false,
            "availability_zone": "us-east-1c",
            "availability_zone_id": "use1-az1",
            "cidr_block": "10.10.12.0/24",
            "customer_owned_ipv4_pool": "",
            "enable_dns64": false,
            "enable_resource_name_dns_a_record_on_launch": false,
            "enable_resource_name_dns_aaaa_record_on_launch": false,
            "id": "subnet-01034a405405663d6",
            "ipv6_cidr_block": "",
            "ipv6_cidr_block_association_id": "",
            "ipv6_native": false,
            "map_customer_owned_ip_on_launch": false,
            "map_public_ip_on_launch": false,
            "outpost_arn": "",
            "owner_id": "164033467123",
            "private_dns_hostname_type_on_launch": "ip-name",
            "tags": {
              "Name": "private_c"
            },
            "tags_all": {
              "Name": "private_c"
            },
            "timeouts": null,
            "vpc_id": "vpc-0e5e001124de1a967"
          },
          "sensitive_attributes": [],
          "private": "eyJlMmJmYjczMC1lY2FhLTExZTYtOGY4OC0zNDM2M2JjN2M0YzAiOnsiY3JlYXRlIjo2MDAwMDAwMDAwMDAsImRlbGV0ZSI6MTIwMDAwMDAwMDAwMH0sInNjaGVtYV92ZXJzaW9uIjoiMSJ9",
          "dependencies": [
            "aws_vpc.cloudx"
          ]
        }
      ]
    },
    {
      "mode": "managed",
      "type": "aws_subnet",
      "name": "private_db_a",
      "provider": "provider[\"registry.terraform.io/hashicorp/aws\"]",
      "instances": [
        {
          "schema_version": 1,
          "attributes": {
            "arn": "arn:aws:ec2:us-east-1:164033467123:subnet/subnet-0bab0bf03c36c742a",
            "assign_ipv6_address_on_creation": false,
            "availability_zone": "us-east-1a",
            "availability_zone_id": "use1-az4",
            "cidr_block": "10.10.20.0/24",
            "customer_owned_ipv4_pool": "",
            "enable_dns64": false,
            "enable_resource_name_dns_a_record_on_launch": false,
            "enable_resource_name_dns_aaaa_record_on_launch": false,
            "id": "subnet-0bab0bf03c36c742a",
            "ipv6_cidr_block": "",
            "ipv6_cidr_block_association_id": "",
            "ipv6_native": false,
            "map_customer_owned_ip_on_launch": false,
            "map_public_ip_on_launch": false,
            "outpost_arn": "",
            "owner_id": "164033467123",
            "private_dns_hostname_type_on_launch": "ip-name",
            "tags": {
              "Name": "private_db_a"
            },
            "tags_all": {
              "Name": "private_db_a"
            },
            "timeouts": null,
            "vpc_id": "vpc-0e5e001124de1a967"
          },
          "sensitive_attributes": [],
          "private": "eyJlMmJmYjczMC1lY2FhLTExZTYtOGY4OC0zNDM2M2JjN2M0YzAiOnsiY3JlYXRlIjo2MDAwMDAwMDAwMDAsImRlbGV0ZSI6MTIwMDAwMDAwMDAwMH0sInNjaGVtYV92ZXJzaW9uIjoiMSJ9",
          "dependencies": [
            "aws_vpc.cloudx"
          ]
        }
      ]
    },
    {
      "mode": "managed",
      "type": "aws_subnet",
      "name": "private_db_b",
      "provider": "provider[\"registry.terraform.io/hashicorp/aws\"]",
      "instances": [
        {
          "schema_version": 1,
          "attributes": {
            "arn": "arn:aws:ec2:us-east-1:164033467123:subnet/subnet-018f235f66f93361a",
            "assign_ipv6_address_on_creation": false,
            "availability_zone": "us-east-1b",
            "availability_zone_id": "use1-az6",
            "cidr_block": "10.10.21.0/24",
            "customer_owned_ipv4_pool": "",
            "enable_dns64": false,
            "enable_resource_name_dns_a_record_on_launch": false,
            "enable_resource_name_dns_aaaa_record_on_launch": false,
            "id": "subnet-018f235f66f93361a",
            "ipv6_cidr_block": "",
            "ipv6_cidr_block_association_id": "",
            "ipv6_native": false,
            "map_customer_owned_ip_on_launch": false,
            "map_public_ip_on_launch": false,
            "outpost_arn": "",
            "owner_id": "164033467123",
            "private_dns_hostname_type_on_launch": "ip-name",
            "tags": {
              "Name": "private_db_b"
            },
            "tags_all": {
              "Name": "private_db_b"
            },
            "timeouts": null,
            "vpc_id": "vpc-0e5e001124de1a967"
          },
          "sensitive_attributes": [],
          "private": "eyJlMmJmYjczMC1lY2FhLTExZTYtOGY4OC0zNDM2M2JjN2M0YzAiOnsiY3JlYXRlIjo2MDAwMDAwMDAwMDAsImRlbGV0ZSI6MTIwMDAwMDAwMDAwMH0sInNjaGVtYV92ZXJzaW9uIjoiMSJ9",
          "dependencies": [
            "aws_vpc.cloudx"
          ]
        }
      ]
    },
    {
      "mode": "managed",
      "type": "aws_subnet",
      "name": "private_db_c",
      "provider": "provider[\"registry.terraform.io/hashicorp/aws\"]",
      "instances": [
        {
          "schema_version": 1,
          "attributes": {
            "arn": "arn:aws:ec2:us-east-1:164033467123:subnet/subnet-02fb4455ac4af0f54",
            "assign_ipv6_address_on_creation": false,
            "availability_zone": "us-east-1c",
            "availability_zone_id": "use1-az1",
            "cidr_block": "10.10.22.0/24",
            "customer_owned_ipv4_pool": "",
            "enable_dns64": false,
            "enable_resource_name_dns_a_record_on_launch": false,
            "enable_resource_name_dns_aaaa_record_on_launch": false,
            "id": "subnet-02fb4455ac4af0f54",
            "ipv6_cidr_block": "",
            "ipv6_cidr_block_association_id": "",
            "ipv6_native": false,
            "map_customer_owned_ip_on_launch": false,
            "map_public_ip_on_launch": false,
            "outpost_arn": "",
            "owner_id": "164033467123",
            "private_dns_hostname_type_on_launch": "ip-name",
            "tags": {
              "Name": "private_db_c"
            },
            "tags_all": {
              "Name": "private_db_c"
            },
            "timeouts": null,
            "vpc_id": "vpc-0e5e001124de1a967"
          },
          "sensitive_attributes": [],
          "private": "eyJlMmJmYjczMC1lY2FhLTExZTYtOGY4OC0zNDM2M2JjN2M0YzAiOnsiY3JlYXRlIjo2MDAwMDAwMDAwMDAsImRlbGV0ZSI6MTIwMDAwMDAwMDAwMH0sInNjaGVtYV92ZXJzaW9uIjoiMSJ9",
          "dependencies": [
            "aws_vpc.cloudx"
          ]
        }
      ]
    },
    {
      "mode": "managed",
      "type": "aws_subnet",
      "name": "public_a",
      "provider": "provider[\"registry.terraform.io/hashicorp/aws\"]",
      "instances": [
        {
          "schema_version": 1,
          "attributes": {
            "arn": "arn:aws:ec2:us-east-1:164033467123:subnet/subnet-0d2c80c80d4b1365c",
            "assign_ipv6_address_on_creation": false,
            "availability_zone": "us-east-1a",
            "availability_zone_id": "use1-az4",
            "cidr_block": "10.10.1.0/24",
            "customer_owned_ipv4_pool": "",
            "enable_dns64": false,
            "enable_resource_name_dns_a_record_on_launch": false,
            "enable_resource_name_dns_aaaa_record_on_launch": false,
            "id": "subnet-0d2c80c80d4b1365c",
            "ipv6_cidr_block": "",
            "ipv6_cidr_block_association_id": "",
            "ipv6_native": false,
            "map_customer_owned_ip_on_launch": false,
            "map_public_ip_on_launch": true,
            "outpost_arn": "",
            "owner_id": "164033467123",
            "private_dns_hostname_type_on_launch": "ip-name",
            "tags": {
              "Name": "public_a"
            },
            "tags_all": {
              "Name": "public_a"
            },
            "timeouts": null,
            "vpc_id": "vpc-0e5e001124de1a967"
          },
          "sensitive_attributes": [],
          "private": "eyJlMmJmYjczMC1lY2FhLTExZTYtOGY4OC0zNDM2M2JjN2M0YzAiOnsiY3JlYXRlIjo2MDAwMDAwMDAwMDAsImRlbGV0ZSI6MTIwMDAwMDAwMDAwMH0sInNjaGVtYV92ZXJzaW9uIjoiMSJ9",
          "dependencies": [
            "aws_vpc.cloudx"
          ]
        }
      ]
    },
    {
      "mode": "managed",
      "type": "aws_subnet",
      "name": "public_b",
      "provider": "provider[\"registry.terraform.io/hashicorp/aws\"]",
      "instances": [
        {
          "schema_version": 1,
          "attributes": {
            "arn": "arn:aws:ec2:us-east-1:164033467123:subnet/subnet-07f9903296f9ebb99",
            "assign_ipv6_address_on_creation": false,
            "availability_zone": "us-east-1b",
            "availability_zone_id": "use1-az6",
            "cidr_block": "10.10.2.0/24",
            "customer_owned_ipv4_pool": "",
            "enable_dns64": false,
            "enable_resource_name_dns_a_record_on_launch": false,
            "enable_resource_name_dns_aaaa_record_on_launch": false,
            "id": "subnet-07f9903296f9ebb99",
            "ipv6_cidr_block": "",
            "ipv6_cidr_block_association_id": "",
            "ipv6_native": false,
            "map_customer_owned_ip_on_launch": false,
            "map_public_ip_on_launch": true,
            "outpost_arn": "",
            "owner_id": "164033467123",
            "private_dns_hostname_type_on_launch": "ip-name",
            "tags": {
              "Name": "public_b"
            },
            "tags_all": {
              "Name": "public_b"
            },
            "timeouts": null,
            "vpc_id": "vpc-0e5e001124de1a967"
          },
          "sensitive_attributes": [],
          "private": "eyJlMmJmYjczMC1lY2FhLTExZTYtOGY4OC0zNDM2M2JjN2M0YzAiOnsiY3JlYXRlIjo2MDAwMDAwMDAwMDAsImRlbGV0ZSI6MTIwMDAwMDAwMDAwMH0sInNjaGVtYV92ZXJzaW9uIjoiMSJ9",
          "dependencies": [
            "aws_vpc.cloudx"
          ]
        }
      ]
    },
    {
      "mode": "managed",
      "type": "aws_subnet",
      "name": "public_c",
      "provider": "provider[\"registry.terraform.io/hashicorp/aws\"]",
      "instances": [
        {
          "schema_version": 1,
          "attributes": {
            "arn": "arn:aws:ec2:us-east-1:164033467123:subnet/subnet-069686d9bbb5823aa",
            "assign_ipv6_address_on_creation": false,
            "availability_zone": "us-east-1c",
            "availability_zone_id": "use1-az1",
            "cidr_block": "10.10.3.0/24",
            "customer_owned_ipv4_pool": "",
            "enable_dns64": false,
            "enable_resource_name_dns_a_record_on_launch": false,
            "enable_resource_name_dns_aaaa_record_on_launch": false,
            "id": "subnet-069686d9bbb5823aa",
            "ipv6_cidr_block": "",
            "ipv6_cidr_block_association_id": "",
            "ipv6_native": false,
            "map_customer_owned_ip_on_launch": false,
            "map_public_ip_on_launch": true,
            "outpost_arn": "",
            "owner_id": "164033467123",
            "private_dns_hostname_type_on_launch": "ip-name",
            "tags": {
              "Name": "public_c"
            },
            "tags_all": {
              "Name": "public_c"
            },
            "timeouts": null,
            "vpc_id": "vpc-0e5e001124de1a967"
          },
          "sensitive_attributes": [],
          "private": "eyJlMmJmYjczMC1lY2FhLTExZTYtOGY4OC0zNDM2M2JjN2M0YzAiOnsiY3JlYXRlIjo2MDAwMDAwMDAwMDAsImRlbGV0ZSI6MTIwMDAwMDAwMDAwMH0sInNjaGVtYV92ZXJzaW9uIjoiMSJ9",
          "dependencies": [
            "aws_vpc.cloudx"
          ]
        }
      ]
    },
    {
      "mode": "managed",
      "type": "aws_vpc",
      "name": "cloudx",
      "provider": "provider[\"registry.terraform.io/hashicorp/aws\"]",
      "instances": [
        {
          "schema_version": 1,
          "attributes": {
            "arn": "arn:aws:ec2:us-east-1:164033467123:vpc/vpc-0e5e001124de1a967",
            "assign_generated_ipv6_cidr_block": false,
            "cidr_block": "10.10.0.0/16",
            "default_network_acl_id": "acl-069d46b1b7aa31c11",
            "default_route_table_id": "rtb-023689f5e9751ca33",
            "default_security_group_id": "sg-0f232d8a32d7a7c0b",
            "dhcp_options_id": "dopt-008efbca5aa9c1b36",
            "enable_classiclink": false,
            "enable_classiclink_dns_support": false,
            "enable_dns_hostnames": true,
            "enable_dns_support": true,
            "id": "vpc-0e5e001124de1a967",
            "instance_tenancy": "default",
            "ipv4_ipam_pool_id": null,
            "ipv4_netmask_length": null,
            "ipv6_association_id": "",
            "ipv6_cidr_block": "",
            "ipv6_cidr_block_network_border_group": "",
            "ipv6_ipam_pool_id": "",
            "ipv6_netmask_length": 0,
            "main_route_table_id": "rtb-023689f5e9751ca33",
            "owner_id": "164033467123",
            "tags": {
              "Name": "cloudx"
            },
            "tags_all": {
              "Name": "cloudx"
            }
          },
          "sensitive_attributes": [],
          "private": "eyJzY2hlbWFfdmVyc2lvbiI6IjEifQ=="
        }
      ]
    },
    {
      "mode": "managed",
      "type": "random_password",
      "name": "database_master_password",
      "provider": "provider[\"registry.terraform.io/hashicorp/random\"]",
      "instances": [
        {
          "schema_version": 0,
          "attributes": {
            "id": "none",
            "keepers": null,
            "length": 16,
            "lower": true,
            "min_lower": 0,
            "min_numeric": 0,
            "min_special": 0,
            "min_upper": 0,
            "number": true,
            "override_special": "_%@",
            "result": "j6iBGd9bHyPJyKso",
            "special": true,
            "upper": true
          },
          "sensitive_attributes": [],
          "private": "bnVsbA=="
        }
      ]
    },
    {
      "mode": "managed",
      "type": "tls_private_key",
      "name": "ghost-ec2-pool",
      "provider": "provider[\"registry.terraform.io/hashicorp/tls\"]",
      "instances": [
        {
          "schema_version": 0,
          "attributes": {
            "algorithm": "RSA",
            "ecdsa_curve": "P224",
            "id": "004bef6fdf6aa906f12420882e666605a3196e55",
            "private_key_pem": "-----BEGIN RSA PRIVATE KEY-----\nMIIJKwIBAAKCAgEAxtrqHIy3H9ZPV4m4e44AsgX4qMZv1K3b0dMW9XuYxfTaVO67\nL3O4ImWCRl7J0a+NjWetKEnhbP+hErT+Mq4wYp4NL5hfpnNtBcBlJLpWwdwWQuLP\n1oc/CiDBqM9hYEuRyXueHUzpwimRDgEmKXZMHlooH2OUTiSFhqjxZgaKIIE9LJr6\nOIJVrNnb36lLnTjc9/wgFf6wZ7a7u5br4MYt6KCkL35zBnnr989gOxq4l79naL4G\nLf1Hv/TVce0cIh8TeZrOH6T2puc+OVlOCSMctnFeuz35IwIvOCIi25P1OOh/nXKJ\nIkWeD1Rm5tD47m4+ZHm9cq+GZRb2kquuBWgrQ1QBfjLQ6nRIEYXnYqBaRW9Cq12h\nShMPhiA/e8V8aRdZBb8Dj2IlKoB+A1b1clKjtpuhg/oyPVsVCXbeqEKpV3K35tlF\nIdisPIr2IiSwtC7a7lc8X3b4rluWw+kFVHRqCPGARENg95CgHI92UHRWNKmNH6IN\nCcYWc3sQcZoml3fQErqzSbouJUD0Ow48N0/RAQAiBiPk0zEAMTkh5q59oNkj7in1\nsEvWSKllKEUrZoNnSKLpZPw8KpzDlJ1ZS6jes2TJh6lIxsEoV6/LyuyhFldrG3QI\nAbo6Ns719KFpTfz4xdN950ffteGeW1lF+AontU3kJoWTzyOumyalA494qAcCAwEA\nAQKCAgEAkhb0FWNfiZk1kvcPvF23rxHp+3xFXjcYHk95N4HE2/GlkO4OQK9AIKz4\nh2BN3qmdUbxQHyAf56bpm8eyVGNaEqlQwJ2t76gu+SG+bLwkzqk1BZCB5nZX3sXv\n4Gfyfv8lrKMPpzEBLu7ArUw00BMjmszbWywaIUp9ek+VgUHeqkCoQ6PbnjZKYQFw\noiFK9sd2twzYObBxwtAhnZAj3G9b/OI/nNDGCoT50YXdia543Kr2eqHYAmNoGeLy\nCI+MspioAxeyxNa5iiaqtREh3l6YUoR5dw/xf0G0lQWnHC/X4SYV0wL5Ml943oRA\nUORHbUs6tTAm+SFwl8XGAjz0TO6ZkMA+mbpn4P8YnFuDHmpaDpUmZYcI4XqWk3GA\n/s+Xfsgf1GeYIvPZCkF30ZUyFD+SR+Og27EzxQLOJ2Ux9RpJBl6O5JOWhavc//Dn\nY5iJ/0yTbEh3N7SIruetz/GNuK3s6nKE1XKqy4mHEUW9abHqYbGXeglj6iBtKTbR\nz2wZcbNXGqY4GQ1OPflSW01Xk650DkFtTSGtoR+QTqKbxf1h9zvKcry4xN6Hk9/h\n+7CEIl1B0wHzbMQZBvdzXmQK7eph4twn3Abf/VxwBefXBBWBiIlWcw7o+wkNTLj+\nW4kZ97hsl+zxWWvZXOjUGxVi8hpuuMefteHqTlnPggXkE7n+dvkCggEBAMhCkiYP\nFyvUK1wghxkldDKhdYG3ZC208SboC5L8FQiSIt0MEr2Hiayz+X4CCeRVjOHnYx0w\nfSGCyAqclrj4Az3VtLqdO3BkAM4evZ6/MfYF6tosBwSyLARcbD9pJX4xBaGVxt2H\nYgH+4qDdkQvj1lFsJeStom4Om7PVyDwO1ztIFeYEuDvQGEhE4eH72AFm9mPV2Q4u\nyH/hpFr/0xlSZ2FhIuT+0DH6S93hQUzypBJrZPibARHM3/2HQLl0NPoeI2r588YE\nvXzoE2gneiDkm/Gxv1YCyl6Oz8zurWVDBIyLRlJfqv+eFUa/WyzEX11aX0zNHy1g\n24DMkvaUGoHXursCggEBAP40PNOQT5G2j9RgiruqyX0hh0mQpK9kC83nfHHTYk3a\n6auY1yp3maLNhrPNaPFz7tAlJJcZ459sgOFI0yxCxJ3V3sGo/nRORkmGAH5y0fgp\ni3pdja/02lYDBUHH0FzcIJ4QgcVoG0zt2fMczhC7IQ4E1D1CNHwGiWvFO7bqMLAZ\nK3LvQmqTZSgyREilKCcCzqGzuQImpFkoNzHMzyFSOiI85Faf+cfg8Nm2Z+UQuQiM\n/to/bJ9PrQx3o+YkbO8kiaCF62x7l8GGJZnoXRYJ6lfc0owdcOYme46H8rO6MpAp\n3QMxZWyt5lTs230pEJ1xK0kFjzqinnTdV93wOSII0SUCggEBAKSG5PG1xjCxEKqQ\n4s2LEush8ZuP4xMWLGXtkMzCpDk1bsUyzRa/iyHDfz/CRwQ8MRHL+4cYtkVY4Cav\nvbjbsjYUJHaJBTNyRaMSaHFK3a4l8Gwsbduy0i0HDbwPE8mYVusJVafdOW0wTlsh\njbA6EHM2qe81pFRNViiqg+arvrKqp6shx4cEkV6WkQoL0cxdHiKpp7laQEmoRVKq\nCXItXFgJ6RRAMSZOYBQ7o12nn5qudvc0ye0o6AGwJEH5Miknp6uVDW1rqY48UO1q\nOZFaoLAye2Mbyc1kAV953CVsqQkax7yXcrKt2wcT4cFm2H6m59L+VxX+FHi+GiPR\nS/HPHk8CggEBAJEd9x97wcDYbJF8L5bk77OMgXQAq9MolQiNvuAoIXV6pGz+is7G\niiGDnQNmHyO/4DRZD+NmtygaxBRYA52/3AiSwGDj/acdzEhKxFtrZux5oxNO9wTd\nDguOG+EqlYt9au1xVPQB85veKM79wbGRclRTc2opMlcfUDIC3Y0VcogFRmWNque2\nj0f8Mjkad6qVkqqDM/nDX406RRAb8J8AFwnWoy/Ekc6GXlibJgKBom/8Nb0X+gWU\ncaCtaBaI8tsui5bk/LnocIDc+Pg8y286Z9qSyGuOnxX0IBMFDwuFHzpne7FH8LOz\nLsuKj96Ko96NbX15PAPoM/dZKMEdUzBXwjUCggEBAJuSVjYHZnhBVE1CSUWVlvku\nKx+zmoY8DW4zM4TwbhltHA2hx7FCQmpR/BRg9tFW+vHysLzSIMScyLPrAyFjxSa5\n+AntjCikuHaRUiNN07sFskexLb/Ge2r89pgqmyvjfaGYbtq0MugvFaq7/y0ZSppv\nUvE/zaefoTQ9kKiIC6a1ZYed/8p9NzE3hqkRcHfFe1tpE2Uu85QeyPNHh1m+3v2r\n62CXt+ZlSzyiQtev+ZxhZeDMlCTIxx/BIuavJtOBmD20GYKVQFIGI0Tpx1cZk/3r\nL3mwGB3ZxKrtQ/WybGQGzB78QSOYBni0gkTuC6SmdnTR8v7LrtdELBY1RttOpN4=\n-----END RSA PRIVATE KEY-----\n",
            "public_key_fingerprint_md5": "5b:aa:c6:34:cf:7e:bb:d8:51:0e:37:16:41:39:44:5f",
            "public_key_openssh": "ssh-rsa AAAAB3NzaC1yc2EAAAADAQABAAACAQDG2uocjLcf1k9Xibh7jgCyBfioxm/UrdvR0xb1e5jF9NpU7rsvc7giZYJGXsnRr42NZ60oSeFs/6EStP4yrjBing0vmF+mc20FwGUkulbB3BZC4s/Whz8KIMGoz2FgS5HJe54dTOnCKZEOASYpdkweWigfY5ROJIWGqPFmBooggT0smvo4glWs2dvfqUudONz3/CAV/rBntru7luvgxi3ooKQvfnMGeev3z2A7GriXv2dovgYt/Ue/9NVx7RwiHxN5ms4fpPam5z45WU4JIxy2cV67PfkjAi84IiLbk/U46H+dcokiRZ4PVGbm0Pjubj5keb1yr4ZlFvaSq64FaCtDVAF+MtDqdEgRhedioFpFb0KrXaFKEw+GID97xXxpF1kFvwOPYiUqgH4DVvVyUqO2m6GD+jI9WxUJdt6oQqlXcrfm2UUh2Kw8ivYiJLC0LtruVzxfdviuW5bD6QVUdGoI8YBEQ2D3kKAcj3ZQdFY0qY0fog0JxhZzexBxmiaXd9ASurNJui4lQPQ7Djw3T9EBACIGI+TTMQAxOSHmrn2g2SPuKfWwS9ZIqWUoRStmg2dIoulk/DwqnMOUnVlLqN6zZMmHqUjGwShXr8vK7KEWV2sbdAgBujo2zvX0oWlN/PjF033nR9+14Z5bWUX4Cie1TeQmhZPPI66bJqUDj3ioBw==\n",
            "public_key_pem": "-----BEGIN PUBLIC KEY-----\nMIICIjANBgkqhkiG9w0BAQEFAAOCAg8AMIICCgKCAgEAxtrqHIy3H9ZPV4m4e44A\nsgX4qMZv1K3b0dMW9XuYxfTaVO67L3O4ImWCRl7J0a+NjWetKEnhbP+hErT+Mq4w\nYp4NL5hfpnNtBcBlJLpWwdwWQuLP1oc/CiDBqM9hYEuRyXueHUzpwimRDgEmKXZM\nHlooH2OUTiSFhqjxZgaKIIE9LJr6OIJVrNnb36lLnTjc9/wgFf6wZ7a7u5br4MYt\n6KCkL35zBnnr989gOxq4l79naL4GLf1Hv/TVce0cIh8TeZrOH6T2puc+OVlOCSMc\ntnFeuz35IwIvOCIi25P1OOh/nXKJIkWeD1Rm5tD47m4+ZHm9cq+GZRb2kquuBWgr\nQ1QBfjLQ6nRIEYXnYqBaRW9Cq12hShMPhiA/e8V8aRdZBb8Dj2IlKoB+A1b1clKj\ntpuhg/oyPVsVCXbeqEKpV3K35tlFIdisPIr2IiSwtC7a7lc8X3b4rluWw+kFVHRq\nCPGARENg95CgHI92UHRWNKmNH6INCcYWc3sQcZoml3fQErqzSbouJUD0Ow48N0/R\nAQAiBiPk0zEAMTkh5q59oNkj7in1sEvWSKllKEUrZoNnSKLpZPw8KpzDlJ1ZS6je\ns2TJh6lIxsEoV6/LyuyhFldrG3QIAbo6Ns719KFpTfz4xdN950ffteGeW1lF+Aon\ntU3kJoWTzyOumyalA494qAcCAwEAAQ==\n-----END PUBLIC KEY-----\n",
            "rsa_bits": 4096
          },
          "sensitive_attributes": [],
          "private": "bnVsbA=="
        }
      ]
    }
  ]
}
